PODS:
  - Alamofire (5.9.1)
  - KakaoSDKAuth (2.22.2):
    - KakaoSDKCommon (= 2.22.2)
  - KakaoSDKCommon (2.22.2):
    - KakaoSDKCommon/Common (= 2.22.2)
    - KakaoSDKCommon/Network (= 2.22.2)
  - KakaoSDKCommon/Common (2.22.2)
  - KakaoSDKCommon/Network (2.22.2):
    - Alamofire (~> 5.9.0)
    - KakaoSDKCommon/Common (= 2.22.2)
  - KakaoSDKUser (2.22.2):
    - KakaoSDKAuth (= 2.22.2)
  - SwiftGen (6.6.3)
  - SwiftLint (0.54.0)

DEPENDENCIES:
  - Alamofire
  - KakaoSDKAuth
  - KakaoSDKCommon
  - KakaoSDKUser
  - SwiftGen
  - SwiftLint

SPEC REPOS:
  trunk:
    - Alamofire
    - KakaoSDKAuth
    - KakaoSDKCommon
    - KakaoSDKUser
    - SwiftGen
    - SwiftLint

SPEC CHECKSUMS:
  Alamofire: f36a35757af4587d8e4f4bfa223ad10be2422b8c
  KakaoSDKAuth: 6a4c46f84c772a19f24121d7f5a42aa861ebc0e7
  KakaoSDKCommon: d4f76f3b900dbef924a09196c8eb9245aefcaf83
  KakaoSDKUser: 642c339cdb3722216241c541a843f6a4588f6cf4
  SwiftGen: 4993cbf71cbc4886f775e26f8d5c3a1188ec9f99
  SwiftLint: c1de071d9d08c8aba837545f6254315bc900e211

PODFILE CHECKSUM: 0575571e8fdfe5212aaa33b99783e8ba835111ff

COCOAPODS: 1.14.3
