// !$*UTF8*$!
{
	archiveVersion = 1;
	classes = {
	};
	objectVersion = 56;
	objects = {

/* Begin PBXBuildFile section */
		8098897C534AAC180F027B21 /* Pods_Ward.framework in Frameworks */ = {isa = PBXBuildFile; fileRef = BE6A3A85DFC92D8125AFD042 /* Pods_Ward.framework */; };
		B68324F72B76756000D6EBAD /* WardApp.swift in Sources */ = {isa = PBXBuildFile; fileRef = B68324F62B76756000D6EBAD /* WardApp.swift */; };
		B68324F92B76756000D6EBAD /* ContentView.swift in Sources */ = {isa = PBXBuildFile; fileRef = B68324F82B76756000D6EBAD /* ContentView.swift */; };
		B68324FB2B76756100D6EBAD /* Assets.xcassets in Resources */ = {isa = PBXBuildFile; fileRef = B68324FA2B76756100D6EBAD /* Assets.xcassets */; };
		B68324FE2B76756100D6EBAD /* Preview Assets.xcassets in Resources */ = {isa = PBXBuildFile; fileRef = B68324FD2B76756100D6EBAD /* Preview Assets.xcassets */; };
		E50DDE922B7C70620008EEB5 /* ReleaseMenuView.swift in Sources */ = {isa = PBXBuildFile; fileRef = E50DDE912B7C70620008EEB5 /* ReleaseMenuView.swift */; };
		E57A32692B8C59D9000A9DE4 /* Extension+Color.swift in Sources */ = {isa = PBXBuildFile; fileRef = E57A32682B8C59D9000A9DE4 /* Extension+Color.swift */; };
		E57A326B2B8C5F30000A9DE4 /* MyPageView.swift in Sources */ = {isa = PBXBuildFile; fileRef = E57A326A2B8C5F30000A9DE4 /* MyPageView.swift */; };
		E57A326E2B8C8740000A9DE4 /* Constants.swift in Sources */ = {isa = PBXBuildFile; fileRef = E57A326D2B8C8740000A9DE4 /* Constants.swift */; };
		E57A32702B8C874A000A9DE4 /* URL.swift in Sources */ = {isa = PBXBuildFile; fileRef = E57A326F2B8C874A000A9DE4 /* URL.swift */; };
		E5BA583F2B8DC4EC00D21E08 /* Pretendard-Medium.otf in Resources */ = {isa = PBXBuildFile; fileRef = E5BA58362B8DC4EC00D21E08 /* Pretendard-Medium.otf */; };
		E5BA58402B8DC4EC00D21E08 /* Pretendard-ExtraLight.otf in Resources */ = {isa = PBXBuildFile; fileRef = E5BA58372B8DC4EC00D21E08 /* Pretendard-ExtraLight.otf */; };
		E5BA58412B8DC4EC00D21E08 /* Pretendard-Black.otf in Resources */ = {isa = PBXBuildFile; fileRef = E5BA58382B8DC4EC00D21E08 /* Pretendard-Black.otf */; };
		E5BA58422B8DC4EC00D21E08 /* Pretendard-ExtraBold.otf in Resources */ = {isa = PBXBuildFile; fileRef = E5BA58392B8DC4EC00D21E08 /* Pretendard-ExtraBold.otf */; };
		E5BA58432B8DC4EC00D21E08 /* Pretendard-Regular.otf in Resources */ = {isa = PBXBuildFile; fileRef = E5BA583A2B8DC4EC00D21E08 /* Pretendard-Regular.otf */; };
		E5BA58442B8DC4EC00D21E08 /* Pretendard-Light.otf in Resources */ = {isa = PBXBuildFile; fileRef = E5BA583B2B8DC4EC00D21E08 /* Pretendard-Light.otf */; };
		E5BA58452B8DC4EC00D21E08 /* Pretendard-Thin.otf in Resources */ = {isa = PBXBuildFile; fileRef = E5BA583C2B8DC4EC00D21E08 /* Pretendard-Thin.otf */; };
		E5BA58462B8DC4EC00D21E08 /* Pretendard-SemiBold.otf in Resources */ = {isa = PBXBuildFile; fileRef = E5BA583D2B8DC4EC00D21E08 /* Pretendard-SemiBold.otf */; };
		E5BA58472B8DC4EC00D21E08 /* Pretendard-Bold.otf in Resources */ = {isa = PBXBuildFile; fileRef = E5BA583E2B8DC4EC00D21E08 /* Pretendard-Bold.otf */; };
		E5BA584A2B8DC6B800D21E08 /* Extension+Font.swift in Sources */ = {isa = PBXBuildFile; fileRef = E5BA58492B8DC6B800D21E08 /* Extension+Font.swift */; };
		E5BE8BF92B8310DB00A4D030 /* HomeMenuView.swift in Sources */ = {isa = PBXBuildFile; fileRef = E5BE8BF82B8310DB00A4D030 /* HomeMenuView.swift */; };
/* End PBXBuildFile section */

/* Begin PBXFileReference section */
		2FF64EBCF302221794CE419E /* Pods-Ward.debug.xcconfig */ = {isa = PBXFileReference; includeInIndex = 1; lastKnownFileType = text.xcconfig; name = "Pods-Ward.debug.xcconfig"; path = "Target Support Files/Pods-Ward/Pods-Ward.debug.xcconfig"; sourceTree = "<group>"; };
		826877A6C354B786AB6A7A92 /* Pods-Ward.release.xcconfig */ = {isa = PBXFileReference; includeInIndex = 1; lastKnownFileType = text.xcconfig; name = "Pods-Ward.release.xcconfig"; path = "Target Support Files/Pods-Ward/Pods-Ward.release.xcconfig"; sourceTree = "<group>"; };
		B68324F32B76756000D6EBAD /* Ward.app */ = {isa = PBXFileReference; explicitFileType = wrapper.application; includeInIndex = 0; path = Ward.app; sourceTree = BUILT_PRODUCTS_DIR; };
		B68324F62B76756000D6EBAD /* WardApp.swift */ = {isa = PBXFileReference; lastKnownFileType = sourcecode.swift; path = WardApp.swift; sourceTree = "<group>"; };
		B68324F82B76756000D6EBAD /* ContentView.swift */ = {isa = PBXFileReference; lastKnownFileType = sourcecode.swift; path = ContentView.swift; sourceTree = "<group>"; };
		B68324FA2B76756100D6EBAD /* Assets.xcassets */ = {isa = PBXFileReference; lastKnownFileType = folder.assetcatalog; path = Assets.xcassets; sourceTree = "<group>"; };
		B68324FD2B76756100D6EBAD /* Preview Assets.xcassets */ = {isa = PBXFileReference; lastKnownFileType = folder.assetcatalog; path = "Preview Assets.xcassets"; sourceTree = "<group>"; };
		BE6A3A85DFC92D8125AFD042 /* Pods_Ward.framework */ = {isa = PBXFileReference; explicitFileType = wrapper.framework; includeInIndex = 0; path = Pods_Ward.framework; sourceTree = BUILT_PRODUCTS_DIR; };
		E50DDE912B7C70620008EEB5 /* ReleaseMenuView.swift */ = {isa = PBXFileReference; lastKnownFileType = sourcecode.swift; path = ReleaseMenuView.swift; sourceTree = "<group>"; };
		E57A32682B8C59D9000A9DE4 /* Extension+Color.swift */ = {isa = PBXFileReference; lastKnownFileType = sourcecode.swift; path = "Extension+Color.swift"; sourceTree = "<group>"; };
		E57A326A2B8C5F30000A9DE4 /* MyPageView.swift */ = {isa = PBXFileReference; lastKnownFileType = sourcecode.swift; path = MyPageView.swift; sourceTree = "<group>"; };
		E57A326D2B8C8740000A9DE4 /* Constants.swift */ = {isa = PBXFileReference; lastKnownFileType = sourcecode.swift; path = Constants.swift; sourceTree = "<group>"; };
		E57A326F2B8C874A000A9DE4 /* URL.swift */ = {isa = PBXFileReference; lastKnownFileType = sourcecode.swift; path = URL.swift; sourceTree = "<group>"; };
		E5BA58362B8DC4EC00D21E08 /* Pretendard-Medium.otf */ = {isa = PBXFileReference; lastKnownFileType = file; path = "Pretendard-Medium.otf"; sourceTree = "<group>"; };
		E5BA58372B8DC4EC00D21E08 /* Pretendard-ExtraLight.otf */ = {isa = PBXFileReference; lastKnownFileType = file; path = "Pretendard-ExtraLight.otf"; sourceTree = "<group>"; };
		E5BA58382B8DC4EC00D21E08 /* Pretendard-Black.otf */ = {isa = PBXFileReference; lastKnownFileType = file; path = "Pretendard-Black.otf"; sourceTree = "<group>"; };
		E5BA58392B8DC4EC00D21E08 /* Pretendard-ExtraBold.otf */ = {isa = PBXFileReference; lastKnownFileType = file; path = "Pretendard-ExtraBold.otf"; sourceTree = "<group>"; };
		E5BA583A2B8DC4EC00D21E08 /* Pretendard-Regular.otf */ = {isa = PBXFileReference; lastKnownFileType = file; path = "Pretendard-Regular.otf"; sourceTree = "<group>"; };
		E5BA583B2B8DC4EC00D21E08 /* Pretendard-Light.otf */ = {isa = PBXFileReference; lastKnownFileType = file; path = "Pretendard-Light.otf"; sourceTree = "<group>"; };
		E5BA583C2B8DC4EC00D21E08 /* Pretendard-Thin.otf */ = {isa = PBXFileReference; lastKnownFileType = file; path = "Pretendard-Thin.otf"; sourceTree = "<group>"; };
		E5BA583D2B8DC4EC00D21E08 /* Pretendard-SemiBold.otf */ = {isa = PBXFileReference; lastKnownFileType = file; path = "Pretendard-SemiBold.otf"; sourceTree = "<group>"; };
		E5BA583E2B8DC4EC00D21E08 /* Pretendard-Bold.otf */ = {isa = PBXFileReference; lastKnownFileType = file; path = "Pretendard-Bold.otf"; sourceTree = "<group>"; };
		E5BA58482B8DC53800D21E08 /* Info.plist */ = {isa = PBXFileReference; lastKnownFileType = text.plist; path = Info.plist; sourceTree = "<group>"; };
		E5BA58492B8DC6B800D21E08 /* Extension+Font.swift */ = {isa = PBXFileReference; lastKnownFileType = sourcecode.swift; path = "Extension+Font.swift"; sourceTree = "<group>"; };
		E5BE8BF82B8310DB00A4D030 /* HomeMenuView.swift */ = {isa = PBXFileReference; lastKnownFileType = sourcecode.swift; path = HomeMenuView.swift; sourceTree = "<group>"; };
/* End PBXFileReference section */

/* Begin PBXFrameworksBuildPhase section */
		B68324F02B76756000D6EBAD /* Frameworks */ = {
			isa = PBXFrameworksBuildPhase;
			buildActionMask = 2147483647;
			files = (
				8098897C534AAC180F027B21 /* Pods_Ward.framework in Frameworks */,
			);
			runOnlyForDeploymentPostprocessing = 0;
		};
/* End PBXFrameworksBuildPhase section */

/* Begin PBXGroup section */
		59E39B5E488F263D3DA3BC82 /* Pods */ = {
			isa = PBXGroup;
			children = (
				2FF64EBCF302221794CE419E /* Pods-Ward.debug.xcconfig */,
				826877A6C354B786AB6A7A92 /* Pods-Ward.release.xcconfig */,
			);
			path = Pods;
			sourceTree = "<group>";
		};
		A7271AF6BEADD47BC7D2330F /* Frameworks */ = {
			isa = PBXGroup;
			children = (
				BE6A3A85DFC92D8125AFD042 /* Pods_Ward.framework */,
			);
			name = Frameworks;
			sourceTree = "<group>";
		};
		B68324EA2B76756000D6EBAD = {
			isa = PBXGroup;
			children = (
				B68324F52B76756000D6EBAD /* Ward */,
				B68324F42B76756000D6EBAD /* Products */,
				59E39B5E488F263D3DA3BC82 /* Pods */,
				A7271AF6BEADD47BC7D2330F /* Frameworks */,
			);
			sourceTree = "<group>";
		};
		B68324F42B76756000D6EBAD /* Products */ = {
			isa = PBXGroup;
			children = (
				B68324F32B76756000D6EBAD /* Ward.app */,
			);
			name = Products;
			sourceTree = "<group>";
		};
		B68324F52B76756000D6EBAD /* Ward */ = {
			isa = PBXGroup;
			children = (
				E5BA58482B8DC53800D21E08 /* Info.plist */,
				B68324F62B76756000D6EBAD /* WardApp.swift */,
				B68324F82B76756000D6EBAD /* ContentView.swift */,
				E50DDE912B7C70620008EEB5 /* ReleaseMenuView.swift */,
				E5BE8BF82B8310DB00A4D030 /* HomeMenuView.swift */,
				E57A326A2B8C5F30000A9DE4 /* MyPageView.swift */,
				B68324FA2B76756100D6EBAD /* Assets.xcassets */,
				E5BA58352B8DC4D300D21E08 /* Font */,
				E57A326C2B8C872C000A9DE4 /* Enum */,
				E57A32672B8C59AF000A9DE4 /* Extension+ */,
				B68324FC2B76756100D6EBAD /* Preview Content */,
			);
			path = Ward;
			sourceTree = "<group>";
		};
		B68324FC2B76756100D6EBAD /* Preview Content */ = {
			isa = PBXGroup;
			children = (
				B68324FD2B76756100D6EBAD /* Preview Assets.xcassets */,
			);
			path = "Preview Content";
			sourceTree = "<group>";
		};
		E57A32672B8C59AF000A9DE4 /* Extension+ */ = {
			isa = PBXGroup;
			children = (
				E57A32682B8C59D9000A9DE4 /* Extension+Color.swift */,
				E5BA58492B8DC6B800D21E08 /* Extension+Font.swift */,
			);
			path = "Extension+";
			sourceTree = "<group>";
		};
		E57A326C2B8C872C000A9DE4 /* Enum */ = {
			isa = PBXGroup;
			children = (
				E57A326D2B8C8740000A9DE4 /* Constants.swift */,
				E57A326F2B8C874A000A9DE4 /* URL.swift */,
			);
			path = Enum;
			sourceTree = "<group>";
		};
		E5BA58352B8DC4D300D21E08 /* Font */ = {
			isa = PBXGroup;
			children = (
				E5BA58382B8DC4EC00D21E08 /* Pretendard-Black.otf */,
				E5BA583E2B8DC4EC00D21E08 /* Pretendard-Bold.otf */,
				E5BA58392B8DC4EC00D21E08 /* Pretendard-ExtraBold.otf */,
				E5BA58372B8DC4EC00D21E08 /* Pretendard-ExtraLight.otf */,
				E5BA583B2B8DC4EC00D21E08 /* Pretendard-Light.otf */,
				E5BA58362B8DC4EC00D21E08 /* Pretendard-Medium.otf */,
				E5BA583A2B8DC4EC00D21E08 /* Pretendard-Regular.otf */,
				E5BA583D2B8DC4EC00D21E08 /* Pretendard-SemiBold.otf */,
				E5BA583C2B8DC4EC00D21E08 /* Pretendard-Thin.otf */,
			);
			path = Font;
			sourceTree = "<group>";
		};
/* End PBXGroup section */

/* Begin PBXNativeTarget section */
		B68324F22B76756000D6EBAD /* Ward */ = {
			isa = PBXNativeTarget;
			buildConfigurationList = B68325012B76756100D6EBAD /* Build configuration list for PBXNativeTarget "Ward" */;
			buildPhases = (
				1531C3501103E52E8E91F28D /* [CP] Check Pods Manifest.lock */,
				B68324EF2B76756000D6EBAD /* Sources */,
				B68324F02B76756000D6EBAD /* Frameworks */,
				B68324F12B76756000D6EBAD /* Resources */,
				4E6D2DDE2E1375C93BD0E466 /* [CP] Embed Pods Frameworks */,
			);
			buildRules = (
			);
			dependencies = (
			);
			name = Ward;
			productName = Ward;
			productReference = B68324F32B76756000D6EBAD /* Ward.app */;
			productType = "com.apple.product-type.application";
		};
/* End PBXNativeTarget section */

/* Begin PBXProject section */
		B68324EB2B76756000D6EBAD /* Project object */ = {
			isa = PBXProject;
			attributes = {
				BuildIndependentTargetsInParallel = 1;
				LastSwiftUpdateCheck = 1430;
				LastUpgradeCheck = 1430;
				TargetAttributes = {
					B68324F22B76756000D6EBAD = {
						CreatedOnToolsVersion = 14.3.1;
					};
				};
			};
			buildConfigurationList = B68324EE2B76756000D6EBAD /* Build configuration list for PBXProject "Ward" */;
			compatibilityVersion = "Xcode 14.0";
			developmentRegion = en;
			hasScannedForEncodings = 0;
			knownRegions = (
				en,
				Base,
			);
			mainGroup = B68324EA2B76756000D6EBAD;
			productRefGroup = B68324F42B76756000D6EBAD /* Products */;
			projectDirPath = "";
			projectRoot = "";
			targets = (
				B68324F22B76756000D6EBAD /* Ward */,
			);
		};
/* End PBXProject section */

/* Begin PBXResourcesBuildPhase section */
		B68324F12B76756000D6EBAD /* Resources */ = {
			isa = PBXResourcesBuildPhase;
			buildActionMask = 2147483647;
			files = (
				E5BA58472B8DC4EC00D21E08 /* Pretendard-Bold.otf in Resources */,
				B68324FE2B76756100D6EBAD /* Preview Assets.xcassets in Resources */,
				E5BA58442B8DC4EC00D21E08 /* Pretendard-Light.otf in Resources */,
				B68324FB2B76756100D6EBAD /* Assets.xcassets in Resources */,
				E5BA58452B8DC4EC00D21E08 /* Pretendard-Thin.otf in Resources */,
				E5BA58422B8DC4EC00D21E08 /* Pretendard-ExtraBold.otf in Resources */,
				E5BA58402B8DC4EC00D21E08 /* Pretendard-ExtraLight.otf in Resources */,
				E5BA58432B8DC4EC00D21E08 /* Pretendard-Regular.otf in Resources */,
				E5BA58462B8DC4EC00D21E08 /* Pretendard-SemiBold.otf in Resources */,
				E5BA583F2B8DC4EC00D21E08 /* Pretendard-Medium.otf in Resources */,
				E5BA58412B8DC4EC00D21E08 /* Pretendard-Black.otf in Resources */,
			);
			runOnlyForDeploymentPostprocessing = 0;
		};
/* End PBXResourcesBuildPhase section */

/* Begin PBXShellScriptBuildPhase section */
		1531C3501103E52E8E91F28D /* [CP] Check Pods Manifest.lock */ = {
			isa = PBXShellScriptBuildPhase;
			buildActionMask = 2147483647;
			files = (
			);
			inputFileListPaths = (
			);
			inputPaths = (
				"${PODS_PODFILE_DIR_PATH}/Podfile.lock",
				"${PODS_ROOT}/Manifest.lock",
			);
			name = "[CP] Check Pods Manifest.lock";
			outputFileListPaths = (
			);
			outputPaths = (
				"$(DERIVED_FILE_DIR)/Pods-Ward-checkManifestLockResult.txt",
			);
			runOnlyForDeploymentPostprocessing = 0;
			shellPath = /bin/sh;
			shellScript = "diff \"${PODS_PODFILE_DIR_PATH}/Podfile.lock\" \"${PODS_ROOT}/Manifest.lock\" > /dev/null\nif [ $? != 0 ] ; then\n    # print error to STDERR\n    echo \"error: The sandbox is not in sync with the Podfile.lock. Run 'pod install' or update your CocoaPods installation.\" >&2\n    exit 1\nfi\n# This output is used by Xcode 'outputs' to avoid re-running this script phase.\necho \"SUCCESS\" > \"${SCRIPT_OUTPUT_FILE_0}\"\n";
			showEnvVarsInLog = 0;
		};
		4E6D2DDE2E1375C93BD0E466 /* [CP] Embed Pods Frameworks */ = {
			isa = PBXShellScriptBuildPhase;
			buildActionMask = 2147483647;
			files = (
			);
			inputFileListPaths = (
				"${PODS_ROOT}/Target Support Files/Pods-Ward/Pods-Ward-frameworks-${CONFIGURATION}-input-files.xcfilelist",
			);
			name = "[CP] Embed Pods Frameworks";
			outputFileListPaths = (
				"${PODS_ROOT}/Target Support Files/Pods-Ward/Pods-Ward-frameworks-${CONFIGURATION}-output-files.xcfilelist",
			);
			runOnlyForDeploymentPostprocessing = 0;
			shellPath = /bin/sh;
			shellScript = "\"${PODS_ROOT}/Target Support Files/Pods-Ward/Pods-Ward-frameworks.sh\"\n";
			showEnvVarsInLog = 0;
		};
/* End PBXShellScriptBuildPhase section */

/* Begin PBXSourcesBuildPhase section */
		B68324EF2B76756000D6EBAD /* Sources */ = {
			isa = PBXSourcesBuildPhase;
			buildActionMask = 2147483647;
			files = (
				B68324F92B76756000D6EBAD /* ContentView.swift in Sources */,
				B68324F72B76756000D6EBAD /* WardApp.swift in Sources */,
				E57A32692B8C59D9000A9DE4 /* Extension+Color.swift in Sources */,
				E5BE8BF92B8310DB00A4D030 /* HomeMenuView.swift in Sources */,
				E57A326E2B8C8740000A9DE4 /* Constants.swift in Sources */,
				E50DDE922B7C70620008EEB5 /* ReleaseMenuView.swift in Sources */,
				E5BA584A2B8DC6B800D21E08 /* Extension+Font.swift in Sources */,
				E57A326B2B8C5F30000A9DE4 /* MyPageView.swift in Sources */,
				E57A32702B8C874A000A9DE4 /* URL.swift in Sources */,
			);
			runOnlyForDeploymentPostprocessing = 0;
		};
/* End PBXSourcesBuildPhase section */

/* Begin XCBuildConfiguration section */
		B68324FF2B76756100D6EBAD /* Debug */ = {
			isa = XCBuildConfiguration;
			buildSettings = {
				ALWAYS_SEARCH_USER_PATHS = NO;
				CLANG_ANALYZER_NONNULL = YES;
				CLANG_ANALYZER_NUMBER_OBJECT_CONVERSION = YES_AGGRESSIVE;
				CLANG_CXX_LANGUAGE_STANDARD = "gnu++20";
				CLANG_ENABLE_MODULES = YES;
				CLANG_ENABLE_OBJC_ARC = YES;
				CLANG_ENABLE_OBJC_WEAK = YES;
				CLANG_WARN_BLOCK_CAPTURE_AUTORELEASING = YES;
				CLANG_WARN_BOOL_CONVERSION = YES;
				CLANG_WARN_COMMA = YES;
				CLANG_WARN_CONSTANT_CONVERSION = YES;
				CLANG_WARN_DEPRECATED_OBJC_IMPLEMENTATIONS = YES;
				CLANG_WARN_DIRECT_OBJC_ISA_USAGE = YES_ERROR;
				CLANG_WARN_DOCUMENTATION_COMMENTS = YES;
				CLANG_WARN_EMPTY_BODY = YES;
				CLANG_WARN_ENUM_CONVERSION = YES;
				CLANG_WARN_INFINITE_RECURSION = YES;
				CLANG_WARN_INT_CONVERSION = YES;
				CLANG_WARN_NON_LITERAL_NULL_CONVERSION = YES;
				CLANG_WARN_OBJC_IMPLICIT_RETAIN_SELF = YES;
				CLANG_WARN_OBJC_LITERAL_CONVERSION = YES;
				CLANG_WARN_OBJC_ROOT_CLASS = YES_ERROR;
				CLANG_WARN_QUOTED_INCLUDE_IN_FRAMEWORK_HEADER = YES;
				CLANG_WARN_RANGE_LOOP_ANALYSIS = YES;
				CLANG_WARN_STRICT_PROTOTYPES = YES;
				CLANG_WARN_SUSPICIOUS_MOVE = YES;
				CLANG_WARN_UNGUARDED_AVAILABILITY = YES_AGGRESSIVE;
				CLANG_WARN_UNREACHABLE_CODE = YES;
				CLANG_WARN__DUPLICATE_METHOD_MATCH = YES;
				COPY_PHASE_STRIP = NO;
				DEBUG_INFORMATION_FORMAT = dwarf;
				ENABLE_STRICT_OBJC_MSGSEND = YES;
				ENABLE_TESTABILITY = YES;
				GCC_C_LANGUAGE_STANDARD = gnu11;
				GCC_DYNAMIC_NO_PIC = NO;
				GCC_NO_COMMON_BLOCKS = YES;
				GCC_OPTIMIZATION_LEVEL = 0;
				GCC_PREPROCESSOR_DEFINITIONS = (
					"DEBUG=1",
					"$(inherited)",
				);
				GCC_WARN_64_TO_32_BIT_CONVERSION = YES;
				GCC_WARN_ABOUT_RETURN_TYPE = YES_ERROR;
				GCC_WARN_UNDECLARED_SELECTOR = YES;
				GCC_WARN_UNINITIALIZED_AUTOS = YES_AGGRESSIVE;
				GCC_WARN_UNUSED_FUNCTION = YES;
				GCC_WARN_UNUSED_VARIABLE = YES;
				IPHONEOS_DEPLOYMENT_TARGET = 16.4;
				MTL_ENABLE_DEBUG_INFO = INCLUDE_SOURCE;
				MTL_FAST_MATH = YES;
				ONLY_ACTIVE_ARCH = YES;
				SDKROOT = iphoneos;
				SWIFT_ACTIVE_COMPILATION_CONDITIONS = DEBUG;
				SWIFT_OPTIMIZATION_LEVEL = "-Onone";
			};
			name = Debug;
		};
		B68325002B76756100D6EBAD /* Release */ = {
			isa = XCBuildConfiguration;
			buildSettings = {
				ALWAYS_SEARCH_USER_PATHS = NO;
				CLANG_ANALYZER_NONNULL = YES;
				CLANG_ANALYZER_NUMBER_OBJECT_CONVERSION = YES_AGGRESSIVE;
				CLANG_CXX_LANGUAGE_STANDARD = "gnu++20";
				CLANG_ENABLE_MODULES = YES;
				CLANG_ENABLE_OBJC_ARC = YES;
				CLANG_ENABLE_OBJC_WEAK = YES;
				CLANG_WARN_BLOCK_CAPTURE_AUTORELEASING = YES;
				CLANG_WARN_BOOL_CONVERSION = YES;
				CLANG_WARN_COMMA = YES;
				CLANG_WARN_CONSTANT_CONVERSION = YES;
				CLANG_WARN_DEPRECATED_OBJC_IMPLEMENTATIONS = YES;
				CLANG_WARN_DIRECT_OBJC_ISA_USAGE = YES_ERROR;
				CLANG_WARN_DOCUMENTATION_COMMENTS = YES;
				CLANG_WARN_EMPTY_BODY = YES;
				CLANG_WARN_ENUM_CONVERSION = YES;
				CLANG_WARN_INFINITE_RECURSION = YES;
				CLANG_WARN_INT_CONVERSION = YES;
				CLANG_WARN_NON_LITERAL_NULL_CONVERSION = YES;
				CLANG_WARN_OBJC_IMPLICIT_RETAIN_SELF = YES;
				CLANG_WARN_OBJC_LITERAL_CONVERSION = YES;
				CLANG_WARN_OBJC_ROOT_CLASS = YES_ERROR;
				CLANG_WARN_QUOTED_INCLUDE_IN_FRAMEWORK_HEADER = YES;
				CLANG_WARN_RANGE_LOOP_ANALYSIS = YES;
				CLANG_WARN_STRICT_PROTOTYPES = YES;
				CLANG_WARN_SUSPICIOUS_MOVE = YES;
				CLANG_WARN_UNGUARDED_AVAILABILITY = YES_AGGRESSIVE;
				CLANG_WARN_UNREACHABLE_CODE = YES;
				CLANG_WARN__DUPLICATE_METHOD_MATCH = YES;
				COPY_PHASE_STRIP = NO;
				DEBUG_INFORMATION_FORMAT = "dwarf-with-dsym";
				ENABLE_NS_ASSERTIONS = NO;
				ENABLE_STRICT_OBJC_MSGSEND = YES;
				GCC_C_LANGUAGE_STANDARD = gnu11;
				GCC_NO_COMMON_BLOCKS = YES;
				GCC_WARN_64_TO_32_BIT_CONVERSION = YES;
				GCC_WARN_ABOUT_RETURN_TYPE = YES_ERROR;
				GCC_WARN_UNDECLARED_SELECTOR = YES;
				GCC_WARN_UNINITIALIZED_AUTOS = YES_AGGRESSIVE;
				GCC_WARN_UNUSED_FUNCTION = YES;
				GCC_WARN_UNUSED_VARIABLE = YES;
				IPHONEOS_DEPLOYMENT_TARGET = 16.4;
				MTL_ENABLE_DEBUG_INFO = NO;
				MTL_FAST_MATH = YES;
				SDKROOT = iphoneos;
				SWIFT_COMPILATION_MODE = wholemodule;
				SWIFT_OPTIMIZATION_LEVEL = "-O";
				VALIDATE_PRODUCT = YES;
			};
			name = Release;
		};
		B68325022B76756100D6EBAD /* Debug */ = {
			isa = XCBuildConfiguration;
			baseConfigurationReference = 2FF64EBCF302221794CE419E /* Pods-Ward.debug.xcconfig */;
			buildSettings = {
				ASSETCATALOG_COMPILER_APPICON_NAME = AppIcon;
				ASSETCATALOG_COMPILER_GLOBAL_ACCENT_COLOR_NAME = AccentColor;
				CODE_SIGN_STYLE = Automatic;
				CURRENT_PROJECT_VERSION = 1;
				DEVELOPMENT_ASSET_PATHS = "\"Ward/Preview Content\"";
				DEVELOPMENT_TEAM = H278GZ4GQ7;
				ENABLE_PREVIEWS = YES;
				GENERATE_INFOPLIST_FILE = YES;
				INFOPLIST_FILE = Ward/Info.plist;
				INFOPLIST_KEY_UIApplicationSceneManifest_Generation = YES;
				INFOPLIST_KEY_UIApplicationSupportsIndirectInputEvents = YES;
				INFOPLIST_KEY_UILaunchScreen_Generation = YES;
				INFOPLIST_KEY_UISupportedInterfaceOrientations_iPad = "UIInterfaceOrientationPortrait UIInterfaceOrientationPortraitUpsideDown UIInterfaceOrientationLandscapeLeft UIInterfaceOrientationLandscapeRight";
				INFOPLIST_KEY_UISupportedInterfaceOrientations_iPhone = "UIInterfaceOrientationPortrait UIInterfaceOrientationLandscapeLeft UIInterfaceOrientationLandscapeRight";
				LD_RUNPATH_SEARCH_PATHS = (
					"$(inherited)",
					"@executable_path/Frameworks",
				);
				MARKETING_VERSION = 1.0;
				PRODUCT_BUNDLE_IDENTIFIER = com.Alice.Ward;
				PRODUCT_NAME = "$(TARGET_NAME)";
				SWIFT_EMIT_LOC_STRINGS = YES;
				SWIFT_VERSION = 5.0;
				TARGETED_DEVICE_FAMILY = "1,2";
			};
			name = Debug;
		};
		B68325032B76756100D6EBAD /* Release */ = {
			isa = XCBuildConfiguration;
			baseConfigurationReference = 826877A6C354B786AB6A7A92 /* Pods-Ward.release.xcconfig */;
			buildSettings = {
				ASSETCATALOG_COMPILER_APPICON_NAME = AppIcon;
				ASSETCATALOG_COMPILER_GLOBAL_ACCENT_COLOR_NAME = AccentColor;
				CODE_SIGN_STYLE = Automatic;
				CURRENT_PROJECT_VERSION = 1;
				DEVELOPMENT_ASSET_PATHS = "\"Ward/Preview Content\"";
				DEVELOPMENT_TEAM = H278GZ4GQ7;
				ENABLE_PREVIEWS = YES;
				GENERATE_INFOPLIST_FILE = YES;
				INFOPLIST_FILE = Ward/Info.plist;
				INFOPLIST_KEY_UIApplicationSceneManifest_Generation = YES;
				INFOPLIST_KEY_UIApplicationSupportsIndirectInputEvents = YES;
				INFOPLIST_KEY_UILaunchScreen_Generation = YES;
				INFOPLIST_KEY_UISupportedInterfaceOrientations_iPad = "UIInterfaceOrientationPortrait UIInterfaceOrientationPortraitUpsideDown UIInterfaceOrientationLandscapeLeft UIInterfaceOrientationLandscapeRight";
				INFOPLIST_KEY_UISupportedInterfaceOrientations_iPhone = "UIInterfaceOrientationPortrait UIInterfaceOrientationLandscapeLeft UIInterfaceOrientationLandscapeRight";
				LD_RUNPATH_SEARCH_PATHS = (
					"$(inherited)",
					"@executable_path/Frameworks",
				);
				MARKETING_VERSION = 1.0;
				PRODUCT_BUNDLE_IDENTIFIER = com.Alice.Ward;
				PRODUCT_NAME = "$(TARGET_NAME)";
				SWIFT_EMIT_LOC_STRINGS = YES;
				SWIFT_VERSION = 5.0;
				TARGETED_DEVICE_FAMILY = "1,2";
			};
			name = Release;
		};
/* End XCBuildConfiguration section */

/* Begin XCConfigurationList section */
		B68324EE2B76756000D6EBAD /* Build configuration list for PBXProject "Ward" */ = {
			isa = XCConfigurationList;
			buildConfigurations = (
				B68324FF2B76756100D6EBAD /* Debug */,
				B68325002B76756100D6EBAD /* Release */,
			);
			defaultConfigurationIsVisible = 0;
			defaultConfigurationName = Release;
		};
		B68325012B76756100D6EBAD /* Build configuration list for PBXNativeTarget "Ward" */ = {
			isa = XCConfigurationList;
			buildConfigurations = (
				B68325022B76756100D6EBAD /* Debug */,
				B68325032B76756100D6EBAD /* Release */,
			);
			defaultConfigurationIsVisible = 0;
			defaultConfigurationName = Release;
		};
/* End XCConfigurationList section */
	};
	rootObject = B68324EB2B76756000D6EBAD /* Project object */;
}
