// !$*UTF8*$!
{
	archiveVersion = 1;
	classes = {
	};
	objectVersion = 55;
	objects = {

/* Begin PBXBuildFile section */
		3B72DD971C6104B7FCA2B62B /* Pods_WardApp.framework in Frameworks */ = {isa = PBXBuildFile; fileRef = 19550401F0099975FA323F7F /* Pods_WardApp.framework */; };
		A0EAC1AF2C077D3200EAEB84 /* OSLog+Extension.swift in Sources */ = {isa = PBXBuildFile; fileRef = A0EAC1AE2C077D3200EAEB84 /* OSLog+Extension.swift */; };
		BA0416612C0420EB003CFFAC /* LoginProvider.swift in Sources */ = {isa = PBXBuildFile; fileRef = BA0416602C0420EB003CFFAC /* LoginProvider.swift */; };
		BA04166C2C04285D003CFFAC /* LoginViewModel.swift in Sources */ = {isa = PBXBuildFile; fileRef = BA04166B2C04285D003CFFAC /* LoginViewModel.swift */; };
		BA04166E2C042F55003CFFAC /* LoginAssembler.swift in Sources */ = {isa = PBXBuildFile; fileRef = BA04166D2C042F55003CFFAC /* LoginAssembler.swift */; };
		BA0416732C043782003CFFAC /* Publisher.swift in Sources */ = {isa = PBXBuildFile; fileRef = BA0416722C043782003CFFAC /* Publisher.swift */; };
		BA04167C2C05D9D5003CFFAC /* Endpoint.swift in Sources */ = {isa = PBXBuildFile; fileRef = BA04167B2C05D9D5003CFFAC /* Endpoint.swift */; };
		BA04167E2C05DA1F003CFFAC /* NetworkingManager.swift in Sources */ = {isa = PBXBuildFile; fileRef = BA04167D2C05DA1F003CFFAC /* NetworkingManager.swift */; };
		BA0416832C06B1FB003CFFAC /* WardSegementedControl.swift in Sources */ = {isa = PBXBuildFile; fileRef = BA0416822C06B1FB003CFFAC /* WardSegementedControl.swift */; };
		BA0416852C06B937003CFFAC /* WardSegmentedControlTab.swift in Sources */ = {isa = PBXBuildFile; fileRef = BA0416842C06B937003CFFAC /* WardSegmentedControlTab.swift */; };
		BA0416912C06C840003CFFAC /* InterestedItem.swift in Sources */ = {isa = PBXBuildFile; fileRef = BA0416902C06C840003CFFAC /* InterestedItem.swift */; };
		BA0416942C06C884003CFFAC /* InterestedItemRowView.swift in Sources */ = {isa = PBXBuildFile; fileRef = BA0416932C06C884003CFFAC /* InterestedItemRowView.swift */; };
		BA0416962C0810EF003CFFAC /* Int.swift in Sources */ = {isa = PBXBuildFile; fileRef = BA0416952C0810EF003CFFAC /* Int.swift */; };
		BA0416982C0814CB003CFFAC /* InterestedView.swift in Sources */ = {isa = PBXBuildFile; fileRef = BA0416972C0814CB003CFFAC /* InterestedView.swift */; };
		BA04169A2C084322003CFFAC /* InterestedViewModel.swift in Sources */ = {isa = PBXBuildFile; fileRef = BA0416992C084322003CFFAC /* InterestedViewModel.swift */; };
		BA04169C2C08432C003CFFAC /* InterestedAssembler.swift in Sources */ = {isa = PBXBuildFile; fileRef = BA04169B2C08432C003CFFAC /* InterestedAssembler.swift */; };
		BA04169E2C0855F6003CFFAC /* FilterOption.swift in Sources */ = {isa = PBXBuildFile; fileRef = BA04169D2C0855F6003CFFAC /* FilterOption.swift */; };
		BA0416A62C09643A003CFFAC /* NotificationView.swift in Sources */ = {isa = PBXBuildFile; fileRef = BA0416A52C09643A003CFFAC /* NotificationView.swift */; };
		BA0416A82C096444003CFFAC /* NotificationViewModel.swift in Sources */ = {isa = PBXBuildFile; fileRef = BA0416A72C096444003CFFAC /* NotificationViewModel.swift */; };
		BA0416AA2C096490003CFFAC /* NotificationAssembler.swift in Sources */ = {isa = PBXBuildFile; fileRef = BA0416A92C096490003CFFAC /* NotificationAssembler.swift */; };
		BA22326F2BEB90B4001F2395 /* Symbols.swift in Sources */ = {isa = PBXBuildFile; fileRef = BA22326E2BEB90B4001F2395 /* Symbols.swift */; };
		BA302E5C2BE6366A00B57174 /* Strings+Generated.swift in Sources */ = {isa = PBXBuildFile; fileRef = BA302E5B2BE6366A00B57174 /* Strings+Generated.swift */; };
		BA365BB82BE23D5A00C332DF /* WardAppApp.swift in Sources */ = {isa = PBXBuildFile; fileRef = BA365BB72BE23D5A00C332DF /* WardAppApp.swift */; };
		BA365BBF2BE23D6800C332DF /* Preview Assets.xcassets in Resources */ = {isa = PBXBuildFile; fileRef = BA365BBE2BE23D6800C332DF /* Preview Assets.xcassets */; };
		BA3AD0272BE391CD00083347 /* Fonts+Generated.swift in Sources */ = {isa = PBXBuildFile; fileRef = BA3AD0252BE391CD00083347 /* Fonts+Generated.swift */; };
		BA3AD02D2BE3958E00083347 /* GmarketSansLight.otf in Resources */ = {isa = PBXBuildFile; fileRef = BA3AD02A2BE3958D00083347 /* GmarketSansLight.otf */; };
		BA3AD02E2BE3958E00083347 /* GmarketSansMedium.otf in Resources */ = {isa = PBXBuildFile; fileRef = BA3AD02B2BE3958D00083347 /* GmarketSansMedium.otf */; };
		BA3AD02F2BE3958E00083347 /* GmarketSansBold.otf in Resources */ = {isa = PBXBuildFile; fileRef = BA3AD02C2BE3958E00083347 /* GmarketSansBold.otf */; };
		BA3AD03A2BE3988F00083347 /* Pretendard-Regular.otf in Resources */ = {isa = PBXBuildFile; fileRef = BA3AD0312BE3988F00083347 /* Pretendard-Regular.otf */; };
		BA3AD03B2BE3988F00083347 /* Pretendard-ExtraLight.otf in Resources */ = {isa = PBXBuildFile; fileRef = BA3AD0322BE3988F00083347 /* Pretendard-ExtraLight.otf */; };
		BA3AD03C2BE3988F00083347 /* Pretendard-SemiBold.otf in Resources */ = {isa = PBXBuildFile; fileRef = BA3AD0332BE3988F00083347 /* Pretendard-SemiBold.otf */; };
		BA3AD03D2BE3988F00083347 /* Pretendard-ExtraBold.otf in Resources */ = {isa = PBXBuildFile; fileRef = BA3AD0342BE3988F00083347 /* Pretendard-ExtraBold.otf */; };
		BA3AD03E2BE3988F00083347 /* Pretendard-Bold.otf in Resources */ = {isa = PBXBuildFile; fileRef = BA3AD0352BE3988F00083347 /* Pretendard-Bold.otf */; };
		BA3AD03F2BE3988F00083347 /* Pretendard-Light.otf in Resources */ = {isa = PBXBuildFile; fileRef = BA3AD0362BE3988F00083347 /* Pretendard-Light.otf */; };
		BA3AD0402BE3988F00083347 /* Pretendard-Black.otf in Resources */ = {isa = PBXBuildFile; fileRef = BA3AD0372BE3988F00083347 /* Pretendard-Black.otf */; };
		BA3AD0412BE3988F00083347 /* Pretendard-Medium.otf in Resources */ = {isa = PBXBuildFile; fileRef = BA3AD0382BE3988F00083347 /* Pretendard-Medium.otf */; };
		BA3AD0422BE3988F00083347 /* Pretendard-Thin.otf in Resources */ = {isa = PBXBuildFile; fileRef = BA3AD0392BE3988F00083347 /* Pretendard-Thin.otf */; };
		BA78665A2BF3BF73007BF0C4 /* APIService.swift in Sources */ = {isa = PBXBuildFile; fileRef = BA7866592BF3BF73007BF0C4 /* APIService.swift */; };
		BA78665C2BF3BF81007BF0C4 /* UserFromLoginProvider.swift in Sources */ = {isa = PBXBuildFile; fileRef = BA78665B2BF3BF81007BF0C4 /* UserFromLoginProvider.swift */; };
		BA78665E2BF3BF93007BF0C4 /* ReleaseUseCase.swift in Sources */ = {isa = PBXBuildFile; fileRef = BA78665D2BF3BF93007BF0C4 /* ReleaseUseCase.swift */; };
		BA7866602BF3BFBD007BF0C4 /* ItemUseCase.swift in Sources */ = {isa = PBXBuildFile; fileRef = BA78665F2BF3BFBD007BF0C4 /* ItemUseCase.swift */; };
		BA7866622BF3BFCB007BF0C4 /* AuthUseCase.swift in Sources */ = {isa = PBXBuildFile; fileRef = BA7866612BF3BFCB007BF0C4 /* AuthUseCase.swift */; };
		BA9F3CF52BE27203004F75E9 /* .swiftlint.yml in Resources */ = {isa = PBXBuildFile; fileRef = BA9F3CF42BE27203004F75E9 /* .swiftlint.yml */; };
		BAA7C0BC2C0993FE0042FE04 /* Config.xcconfig in Resources */ = {isa = PBXBuildFile; fileRef = BAA7C0BB2C0993FE0042FE04 /* Config.xcconfig */; };
		BAA7C0BE2C0998310042FE04 /* NotificationItemRowView.swift in Sources */ = {isa = PBXBuildFile; fileRef = BAA7C0BD2C0998310042FE04 /* NotificationItemRowView.swift */; };
		BAA7C0C02C0998510042FE04 /* NotificationItem.swift in Sources */ = {isa = PBXBuildFile; fileRef = BAA7C0BF2C0998510042FE04 /* NotificationItem.swift */; };
		BAA7C0C22C09C00C0042FE04 /* Date.swift in Sources */ = {isa = PBXBuildFile; fileRef = BAA7C0C12C09C00C0042FE04 /* Date.swift */; };
		BACB69CB2BF3372000C3E29A /* XCAssets+Generated.swift in Sources */ = {isa = PBXBuildFile; fileRef = BACB69CA2BF3372000C3E29A /* XCAssets+Generated.swift */; };
		BACB69CD2BF33E1700C3E29A /* swiftgen.yml in Resources */ = {isa = PBXBuildFile; fileRef = BACB69CC2BF33E1700C3E29A /* swiftgen.yml */; };
		BAD016792BEB78670039ACDE /* SignUpView.swift in Sources */ = {isa = PBXBuildFile; fileRef = BAD016782BEB78670039ACDE /* SignUpView.swift */; };
		BAD0167B2BEB7A1E0039ACDE /* ToggleCheckboxStyle.swift in Sources */ = {isa = PBXBuildFile; fileRef = BAD0167A2BEB7A1E0039ACDE /* ToggleCheckboxStyle.swift */; };
		BAD582F72BE6196D0072B308 /* LoginView.swift in Sources */ = {isa = PBXBuildFile; fileRef = BAD582F62BE6196D0072B308 /* LoginView.swift */; };
		BAD582FD2BE620C60072B308 /* Image.xcassets in Resources */ = {isa = PBXBuildFile; fileRef = BAD582FC2BE620C60072B308 /* Image.xcassets */; };
		BAD582FF2BE620D70072B308 /* Color.xcassets in Resources */ = {isa = PBXBuildFile; fileRef = BAD582FE2BE620D70072B308 /* Color.xcassets */; };
		BAD583022BE623890072B308 /* Localizable.strings in Resources */ = {isa = PBXBuildFile; fileRef = BAD583042BE623890072B308 /* Localizable.strings */; };
		EA3967722BF8D8140087062B /* HeaderNavBarView.swift in Sources */ = {isa = PBXBuildFile; fileRef = EA3967712BF8D8140087062B /* HeaderNavBarView.swift */; };
		EA3967752BF8DADD0087062B /* ViewModel.swift in Sources */ = {isa = PBXBuildFile; fileRef = EA3967742BF8DADD0087062B /* ViewModel.swift */; };
		EA3967772BF8DBE50087062B /* CancelBag.swift in Sources */ = {isa = PBXBuildFile; fileRef = EA3967762BF8DBE50087062B /* CancelBag.swift */; };
		EA3967852BF915E20087062B /* HomeView.swift in Sources */ = {isa = PBXBuildFile; fileRef = EA3967842BF915E20087062B /* HomeView.swift */; };
		EA3967882BF91BE10087062B /* Font.swift in Sources */ = {isa = PBXBuildFile; fileRef = EA3967872BF91BE10087062B /* Font.swift */; };
		EA6B5BB52C05CAF9008BD9B2 /* DS-DIGIT.TTF in Resources */ = {isa = PBXBuildFile; fileRef = EA6B5BB42C05CAF5008BD9B2 /* DS-DIGIT.TTF */; };
		EA81E0C12C0802A60076DA29 /* BannerPageView.swift in Sources */ = {isa = PBXBuildFile; fileRef = EA81E0C02C0802A60076DA29 /* BannerPageView.swift */; };
		EA81E0C42C0804310076DA29 /* CategoryTabView.swift in Sources */ = {isa = PBXBuildFile; fileRef = EA81E0C32C0804310076DA29 /* CategoryTabView.swift */; };
		EA81E0C82C0848F60076DA29 /* HomeHeaderView.swift in Sources */ = {isa = PBXBuildFile; fileRef = EA81E0C72C0848F60076DA29 /* HomeHeaderView.swift */; };
		EA8C9FA32C098F1600F02E3A /* Config.xcconfig in Resources */ = {isa = PBXBuildFile; fileRef = EA8C9FA22C098F1600F02E3A /* Config.xcconfig */; };
		EA8C9FA62C099AF900F02E3A /* HomeViewModel.swift in Sources */ = {isa = PBXBuildFile; fileRef = EA8C9FA52C099AF900F02E3A /* HomeViewModel.swift */; };
		EA8C9FA82C099B2700F02E3A /* CategoryTabViewModel.swift in Sources */ = {isa = PBXBuildFile; fileRef = EA8C9FA72C099B2700F02E3A /* CategoryTabViewModel.swift */; };
		EA8C9FAB2C099F8C00F02E3A /* Driver.swift in Sources */ = {isa = PBXBuildFile; fileRef = EA8C9FAA2C099F8C00F02E3A /* Driver.swift */; };
		EA8C9FAD2C09A57000F02E3A /* Observable.swift in Sources */ = {isa = PBXBuildFile; fileRef = EA8C9FAC2C09A57000F02E3A /* Observable.swift */; };
/* End PBXBuildFile section */

/* Begin PBXCopyFilesBuildPhase section */
		BA27C3492BE3840B009D2E93 /* Embed Frameworks */ = {
			isa = PBXCopyFilesBuildPhase;
			buildActionMask = 2147483647;
			dstPath = "";
			dstSubfolderSpec = 10;
			files = (
			);
			name = "Embed Frameworks";
			runOnlyForDeploymentPostprocessing = 0;
		};
/* End PBXCopyFilesBuildPhase section */

/* Begin PBXFileReference section */
		037BC26265E16ED12724B363 /* Pods-WardApp.debug.xcconfig */ = {isa = PBXFileReference; includeInIndex = 1; lastKnownFileType = text.xcconfig; name = "Pods-WardApp.debug.xcconfig"; path = "Target Support Files/Pods-WardApp/Pods-WardApp.debug.xcconfig"; sourceTree = "<group>"; };
		19550401F0099975FA323F7F /* Pods_WardApp.framework */ = {isa = PBXFileReference; explicitFileType = wrapper.framework; includeInIndex = 0; path = Pods_WardApp.framework; sourceTree = BUILT_PRODUCTS_DIR; };
		A0D2D7982C05F4EE00A4CBAF /* Config.xcconfig */ = {isa = PBXFileReference; fileEncoding = 4; lastKnownFileType = text.xcconfig; path = Config.xcconfig; sourceTree = "<group>"; };
		A0EAC1AE2C077D3200EAEB84 /* OSLog+Extension.swift */ = {isa = PBXFileReference; lastKnownFileType = sourcecode.swift; path = "OSLog+Extension.swift"; sourceTree = "<group>"; };
		BA0416602C0420EB003CFFAC /* LoginProvider.swift */ = {isa = PBXFileReference; lastKnownFileType = sourcecode.swift; path = LoginProvider.swift; sourceTree = "<group>"; };
		BA04166B2C04285D003CFFAC /* LoginViewModel.swift */ = {isa = PBXFileReference; lastKnownFileType = sourcecode.swift; path = LoginViewModel.swift; sourceTree = "<group>"; };
		BA04166D2C042F55003CFFAC /* LoginAssembler.swift */ = {isa = PBXFileReference; lastKnownFileType = sourcecode.swift; path = LoginAssembler.swift; sourceTree = "<group>"; };
		BA0416722C043782003CFFAC /* Publisher.swift */ = {isa = PBXFileReference; lastKnownFileType = sourcecode.swift; path = Publisher.swift; sourceTree = "<group>"; };
		BA04167B2C05D9D5003CFFAC /* Endpoint.swift */ = {isa = PBXFileReference; lastKnownFileType = sourcecode.swift; path = Endpoint.swift; sourceTree = "<group>"; };
		BA04167D2C05DA1F003CFFAC /* NetworkingManager.swift */ = {isa = PBXFileReference; lastKnownFileType = sourcecode.swift; path = NetworkingManager.swift; sourceTree = "<group>"; };
		BA0416822C06B1FB003CFFAC /* WardSegementedControl.swift */ = {isa = PBXFileReference; lastKnownFileType = sourcecode.swift; path = WardSegementedControl.swift; sourceTree = "<group>"; };
		BA0416842C06B937003CFFAC /* WardSegmentedControlTab.swift */ = {isa = PBXFileReference; lastKnownFileType = sourcecode.swift; path = WardSegmentedControlTab.swift; sourceTree = "<group>"; };
		BA0416902C06C840003CFFAC /* InterestedItem.swift */ = {isa = PBXFileReference; lastKnownFileType = sourcecode.swift; path = InterestedItem.swift; sourceTree = "<group>"; };
		BA0416932C06C884003CFFAC /* InterestedItemRowView.swift */ = {isa = PBXFileReference; lastKnownFileType = sourcecode.swift; path = InterestedItemRowView.swift; sourceTree = "<group>"; };
		BA0416952C0810EF003CFFAC /* Int.swift */ = {isa = PBXFileReference; lastKnownFileType = sourcecode.swift; path = Int.swift; sourceTree = "<group>"; };
		BA0416972C0814CB003CFFAC /* InterestedView.swift */ = {isa = PBXFileReference; lastKnownFileType = sourcecode.swift; path = InterestedView.swift; sourceTree = "<group>"; };
		BA0416992C084322003CFFAC /* InterestedViewModel.swift */ = {isa = PBXFileReference; lastKnownFileType = sourcecode.swift; path = InterestedViewModel.swift; sourceTree = "<group>"; };
		BA04169B2C08432C003CFFAC /* InterestedAssembler.swift */ = {isa = PBXFileReference; lastKnownFileType = sourcecode.swift; path = InterestedAssembler.swift; sourceTree = "<group>"; };
		BA04169D2C0855F6003CFFAC /* FilterOption.swift */ = {isa = PBXFileReference; lastKnownFileType = sourcecode.swift; path = FilterOption.swift; sourceTree = "<group>"; };
		BA0416A52C09643A003CFFAC /* NotificationView.swift */ = {isa = PBXFileReference; lastKnownFileType = sourcecode.swift; path = NotificationView.swift; sourceTree = "<group>"; };
		BA0416A72C096444003CFFAC /* NotificationViewModel.swift */ = {isa = PBXFileReference; lastKnownFileType = sourcecode.swift; path = NotificationViewModel.swift; sourceTree = "<group>"; };
		BA0416A92C096490003CFFAC /* NotificationAssembler.swift */ = {isa = PBXFileReference; lastKnownFileType = sourcecode.swift; path = NotificationAssembler.swift; sourceTree = "<group>"; };
		BA22326E2BEB90B4001F2395 /* Symbols.swift */ = {isa = PBXFileReference; lastKnownFileType = sourcecode.swift; path = Symbols.swift; sourceTree = "<group>"; };
		BA302E5B2BE6366A00B57174 /* Strings+Generated.swift */ = {isa = PBXFileReference; fileEncoding = 4; lastKnownFileType = sourcecode.swift; path = "Strings+Generated.swift"; sourceTree = "<group>"; };
		BA302E5D2BE6789A00B57174 /* WardApp.entitlements */ = {isa = PBXFileReference; lastKnownFileType = text.plist.entitlements; path = WardApp.entitlements; sourceTree = "<group>"; };
		BA365BB42BE23D5A00C332DF /* WardApp.app */ = {isa = PBXFileReference; explicitFileType = wrapper.application; includeInIndex = 0; path = WardApp.app; sourceTree = BUILT_PRODUCTS_DIR; };
		BA365BB72BE23D5A00C332DF /* WardAppApp.swift */ = {isa = PBXFileReference; lastKnownFileType = sourcecode.swift; path = WardAppApp.swift; sourceTree = "<group>"; };
		BA365BBE2BE23D6800C332DF /* Preview Assets.xcassets */ = {isa = PBXFileReference; lastKnownFileType = folder.assetcatalog; path = "Preview Assets.xcassets"; sourceTree = "<group>"; };
		BA3AD0252BE391CD00083347 /* Fonts+Generated.swift */ = {isa = PBXFileReference; fileEncoding = 4; lastKnownFileType = sourcecode.swift; path = "Fonts+Generated.swift"; sourceTree = "<group>"; };
		BA3AD0292BE393F700083347 /* Info.plist */ = {isa = PBXFileReference; lastKnownFileType = text.plist.xml; path = Info.plist; sourceTree = "<group>"; };
		BA3AD02A2BE3958D00083347 /* GmarketSansLight.otf */ = {isa = PBXFileReference; lastKnownFileType = file; path = GmarketSansLight.otf; sourceTree = "<group>"; };
		BA3AD02B2BE3958D00083347 /* GmarketSansMedium.otf */ = {isa = PBXFileReference; lastKnownFileType = file; path = GmarketSansMedium.otf; sourceTree = "<group>"; };
		BA3AD02C2BE3958E00083347 /* GmarketSansBold.otf */ = {isa = PBXFileReference; lastKnownFileType = file; path = GmarketSansBold.otf; sourceTree = "<group>"; };
		BA3AD0312BE3988F00083347 /* Pretendard-Regular.otf */ = {isa = PBXFileReference; lastKnownFileType = file; path = "Pretendard-Regular.otf"; sourceTree = "<group>"; };
		BA3AD0322BE3988F00083347 /* Pretendard-ExtraLight.otf */ = {isa = PBXFileReference; lastKnownFileType = file; path = "Pretendard-ExtraLight.otf"; sourceTree = "<group>"; };
		BA3AD0332BE3988F00083347 /* Pretendard-SemiBold.otf */ = {isa = PBXFileReference; lastKnownFileType = file; path = "Pretendard-SemiBold.otf"; sourceTree = "<group>"; };
		BA3AD0342BE3988F00083347 /* Pretendard-ExtraBold.otf */ = {isa = PBXFileReference; lastKnownFileType = file; path = "Pretendard-ExtraBold.otf"; sourceTree = "<group>"; };
		BA3AD0352BE3988F00083347 /* Pretendard-Bold.otf */ = {isa = PBXFileReference; lastKnownFileType = file; path = "Pretendard-Bold.otf"; sourceTree = "<group>"; };
		BA3AD0362BE3988F00083347 /* Pretendard-Light.otf */ = {isa = PBXFileReference; lastKnownFileType = file; path = "Pretendard-Light.otf"; sourceTree = "<group>"; };
		BA3AD0372BE3988F00083347 /* Pretendard-Black.otf */ = {isa = PBXFileReference; lastKnownFileType = file; path = "Pretendard-Black.otf"; sourceTree = "<group>"; };
		BA3AD0382BE3988F00083347 /* Pretendard-Medium.otf */ = {isa = PBXFileReference; lastKnownFileType = file; path = "Pretendard-Medium.otf"; sourceTree = "<group>"; };
		BA3AD0392BE3988F00083347 /* Pretendard-Thin.otf */ = {isa = PBXFileReference; lastKnownFileType = file; path = "Pretendard-Thin.otf"; sourceTree = "<group>"; };
		BA7866592BF3BF73007BF0C4 /* APIService.swift */ = {isa = PBXFileReference; lastKnownFileType = sourcecode.swift; path = APIService.swift; sourceTree = "<group>"; };
		BA78665B2BF3BF81007BF0C4 /* UserFromLoginProvider.swift */ = {isa = PBXFileReference; lastKnownFileType = sourcecode.swift; path = UserFromLoginProvider.swift; sourceTree = "<group>"; };
		BA78665D2BF3BF93007BF0C4 /* ReleaseUseCase.swift */ = {isa = PBXFileReference; lastKnownFileType = sourcecode.swift; path = ReleaseUseCase.swift; sourceTree = "<group>"; };
		BA78665F2BF3BFBD007BF0C4 /* ItemUseCase.swift */ = {isa = PBXFileReference; lastKnownFileType = sourcecode.swift; path = ItemUseCase.swift; sourceTree = "<group>"; };
		BA7866612BF3BFCB007BF0C4 /* AuthUseCase.swift */ = {isa = PBXFileReference; lastKnownFileType = sourcecode.swift; path = AuthUseCase.swift; sourceTree = "<group>"; };
		BA9F3CF42BE27203004F75E9 /* .swiftlint.yml */ = {isa = PBXFileReference; lastKnownFileType = text.yaml; path = .swiftlint.yml; sourceTree = "<group>"; };
		BAA7C0BB2C0993FE0042FE04 /* Config.xcconfig */ = {isa = PBXFileReference; fileEncoding = 4; lastKnownFileType = text.xcconfig; path = Config.xcconfig; sourceTree = "<group>"; };
		BAA7C0BD2C0998310042FE04 /* NotificationItemRowView.swift */ = {isa = PBXFileReference; lastKnownFileType = sourcecode.swift; path = NotificationItemRowView.swift; sourceTree = "<group>"; };
		BAA7C0BF2C0998510042FE04 /* NotificationItem.swift */ = {isa = PBXFileReference; lastKnownFileType = sourcecode.swift; path = NotificationItem.swift; sourceTree = "<group>"; };
		BAA7C0C12C09C00C0042FE04 /* Date.swift */ = {isa = PBXFileReference; lastKnownFileType = sourcecode.swift; path = Date.swift; sourceTree = "<group>"; };
		BACB69CA2BF3372000C3E29A /* XCAssets+Generated.swift */ = {isa = PBXFileReference; fileEncoding = 4; lastKnownFileType = sourcecode.swift; path = "XCAssets+Generated.swift"; sourceTree = "<group>"; };
		BACB69CC2BF33E1700C3E29A /* swiftgen.yml */ = {isa = PBXFileReference; fileEncoding = 4; lastKnownFileType = text.yaml; path = swiftgen.yml; sourceTree = "<group>"; };
		BAD016782BEB78670039ACDE /* SignUpView.swift */ = {isa = PBXFileReference; lastKnownFileType = sourcecode.swift; path = SignUpView.swift; sourceTree = "<group>"; };
		BAD0167A2BEB7A1E0039ACDE /* ToggleCheckboxStyle.swift */ = {isa = PBXFileReference; lastKnownFileType = sourcecode.swift; path = ToggleCheckboxStyle.swift; sourceTree = "<group>"; };
		BAD582F62BE6196D0072B308 /* LoginView.swift */ = {isa = PBXFileReference; lastKnownFileType = sourcecode.swift; path = LoginView.swift; sourceTree = "<group>"; };
		BAD582FC2BE620C60072B308 /* Image.xcassets */ = {isa = PBXFileReference; lastKnownFileType = folder.assetcatalog; path = Image.xcassets; sourceTree = "<group>"; };
		BAD582FE2BE620D70072B308 /* Color.xcassets */ = {isa = PBXFileReference; lastKnownFileType = folder.assetcatalog; path = Color.xcassets; sourceTree = "<group>"; };
		BAD583052BE623B70072B308 /* ko */ = {isa = PBXFileReference; lastKnownFileType = text.plist.strings; name = ko; path = ko.lproj/Localizable.strings; sourceTree = "<group>"; };
		CEE8A9E10765B9C3648B9E18 /* Pods-WardApp.release.xcconfig */ = {isa = PBXFileReference; includeInIndex = 1; lastKnownFileType = text.xcconfig; name = "Pods-WardApp.release.xcconfig"; path = "Target Support Files/Pods-WardApp/Pods-WardApp.release.xcconfig"; sourceTree = "<group>"; };
		EA3967712BF8D8140087062B /* HeaderNavBarView.swift */ = {isa = PBXFileReference; lastKnownFileType = sourcecode.swift; path = HeaderNavBarView.swift; sourceTree = "<group>"; };
		EA3967742BF8DADD0087062B /* ViewModel.swift */ = {isa = PBXFileReference; lastKnownFileType = sourcecode.swift; path = ViewModel.swift; sourceTree = "<group>"; };
		EA3967762BF8DBE50087062B /* CancelBag.swift */ = {isa = PBXFileReference; lastKnownFileType = sourcecode.swift; path = CancelBag.swift; sourceTree = "<group>"; };
		EA3967842BF915E20087062B /* HomeView.swift */ = {isa = PBXFileReference; lastKnownFileType = sourcecode.swift; path = HomeView.swift; sourceTree = "<group>"; };
		EA3967872BF91BE10087062B /* Font.swift */ = {isa = PBXFileReference; lastKnownFileType = sourcecode.swift; path = Font.swift; sourceTree = "<group>"; };
		EA6B5BB42C05CAF5008BD9B2 /* DS-DIGIT.TTF */ = {isa = PBXFileReference; lastKnownFileType = file; path = "DS-DIGIT.TTF"; sourceTree = "<group>"; };
		EA81E0C02C0802A60076DA29 /* BannerPageView.swift */ = {isa = PBXFileReference; lastKnownFileType = sourcecode.swift; path = BannerPageView.swift; sourceTree = "<group>"; };
		EA81E0C32C0804310076DA29 /* CategoryTabView.swift */ = {isa = PBXFileReference; lastKnownFileType = sourcecode.swift; path = CategoryTabView.swift; sourceTree = "<group>"; };
		EA81E0C72C0848F60076DA29 /* HomeHeaderView.swift */ = {isa = PBXFileReference; lastKnownFileType = sourcecode.swift; path = HomeHeaderView.swift; sourceTree = "<group>"; };
		EA8C9FA22C098F1600F02E3A /* Config.xcconfig */ = {isa = PBXFileReference; fileEncoding = 4; lastKnownFileType = text.xcconfig; path = Config.xcconfig; sourceTree = "<group>"; };
		EA8C9FA52C099AF900F02E3A /* HomeViewModel.swift */ = {isa = PBXFileReference; lastKnownFileType = sourcecode.swift; path = HomeViewModel.swift; sourceTree = "<group>"; };
		EA8C9FA72C099B2700F02E3A /* CategoryTabViewModel.swift */ = {isa = PBXFileReference; lastKnownFileType = sourcecode.swift; path = CategoryTabViewModel.swift; sourceTree = "<group>"; };
		EA8C9FAA2C099F8C00F02E3A /* Driver.swift */ = {isa = PBXFileReference; lastKnownFileType = sourcecode.swift; path = Driver.swift; sourceTree = "<group>"; };
		EA8C9FAC2C09A57000F02E3A /* Observable.swift */ = {isa = PBXFileReference; lastKnownFileType = sourcecode.swift; path = Observable.swift; sourceTree = "<group>"; };
/* End PBXFileReference section */

/* Begin PBXFrameworksBuildPhase section */
		BA365BB12BE23D5A00C332DF /* Frameworks */ = {
			isa = PBXFrameworksBuildPhase;
			buildActionMask = 2147483647;
			files = (
				3B72DD971C6104B7FCA2B62B /* Pods_WardApp.framework in Frameworks */,
			);
			runOnlyForDeploymentPostprocessing = 0;
		};
/* End PBXFrameworksBuildPhase section */

/* Begin PBXGroup section */
		979B80AABA665702942CD85C /* Pods */ = {
			isa = PBXGroup;
			children = (
				037BC26265E16ED12724B363 /* Pods-WardApp.debug.xcconfig */,
				CEE8A9E10765B9C3648B9E18 /* Pods-WardApp.release.xcconfig */,
			);
			path = Pods;
			sourceTree = "<group>";
		};
		A7F5A7C1663BDB434118381A /* Frameworks */ = {
			isa = PBXGroup;
			children = (
				19550401F0099975FA323F7F /* Pods_WardApp.framework */,
			);
			name = Frameworks;
			sourceTree = "<group>";
		};
		BA0416752C044FD6003CFFAC /* Config */ = {
		};
		BA04167F2C06B1D5003CFFAC /* SegmentedControl */ = {
			isa = PBXGroup;
			children = (
				BA0416822C06B1FB003CFFAC /* WardSegementedControl.swift */,
				BA0416842C06B937003CFFAC /* WardSegmentedControlTab.swift */,
			);
			path = SegmentedControl;
			sourceTree = "<group>";
		};
		BA0416922C06C875003CFFAC /* Interested */ = {
			isa = PBXGroup;
			children = (
				BA0416932C06C884003CFFAC /* InterestedItemRowView.swift */,
				BA0416972C0814CB003CFFAC /* InterestedView.swift */,
				BA0416992C084322003CFFAC /* InterestedViewModel.swift */,
				BA04169B2C08432C003CFFAC /* InterestedAssembler.swift */,
			);
			path = Interested;
			sourceTree = "<group>";
		};
		BA04169F2C09639F003CFFAC /* Recovered References */ = {
			isa = PBXGroup;
			children = (
				A0D2D7982C05F4EE00A4CBAF /* Config.xcconfig */,
			);
			name = "Recovered References";
			sourceTree = "<group>";
		};
		BA0416A22C09641B003CFFAC /* Notification */ = {
			isa = PBXGroup;
			children = (
				BA0416A52C09643A003CFFAC /* NotificationView.swift */,
				BA0416A72C096444003CFFAC /* NotificationViewModel.swift */,
				BA0416A92C096490003CFFAC /* NotificationAssembler.swift */,
				BAA7C0BD2C0998310042FE04 /* NotificationItemRowView.swift */,
			);
			path = Notification;
			sourceTree = "<group>";
		};
		BA0A1B992C097ADB00A8EBCB /* Config */ = {
			isa = PBXGroup;
			children = (
				BAA7C0BB2C0993FE0042FE04 /* Config.xcconfig */,
			);
			path = Config;
			sourceTree = "<group>";
		};
		BA291BFF2BE26B6200E8C041 /* Fonts */ = {
			isa = PBXGroup;
			children = (
				EA6B5BB42C05CAF5008BD9B2 /* DS-DIGIT.TTF */,
				BA3AD02C2BE3958E00083347 /* GmarketSansBold.otf */,
				BA3AD02A2BE3958D00083347 /* GmarketSansLight.otf */,
				BA3AD02B2BE3958D00083347 /* GmarketSansMedium.otf */,
				BA3AD0372BE3988F00083347 /* Pretendard-Black.otf */,
				BA3AD0352BE3988F00083347 /* Pretendard-Bold.otf */,
				BA3AD0342BE3988F00083347 /* Pretendard-ExtraBold.otf */,
				BA3AD0322BE3988F00083347 /* Pretendard-ExtraLight.otf */,
				BA3AD0362BE3988F00083347 /* Pretendard-Light.otf */,
				BA3AD0382BE3988F00083347 /* Pretendard-Medium.otf */,
				BA3AD0312BE3988F00083347 /* Pretendard-Regular.otf */,
				BA3AD0332BE3988F00083347 /* Pretendard-SemiBold.otf */,
				BA3AD0392BE3988F00083347 /* Pretendard-Thin.otf */,
			);
			path = Fonts;
			sourceTree = "<group>";
		};
		BA365BAB2BE23D5A00C332DF = {
			isa = PBXGroup;
			children = (
				BA9F3CF42BE27203004F75E9 /* .swiftlint.yml */,
				BACB69CC2BF33E1700C3E29A /* swiftgen.yml */,
				BA365BB62BE23D5A00C332DF /* WardApp */,
				BA365BB52BE23D5A00C332DF /* Products */,
				979B80AABA665702942CD85C /* Pods */,
				A7F5A7C1663BDB434118381A /* Frameworks */,
				BA04169F2C09639F003CFFAC /* Recovered References */,
			);
			sourceTree = "<group>";
		};
		BA365BB52BE23D5A00C332DF /* Products */ = {
			isa = PBXGroup;
			children = (
				BA365BB42BE23D5A00C332DF /* WardApp.app */,
			);
			name = Products;
			sourceTree = "<group>";
		};
		BA365BB62BE23D5A00C332DF /* WardApp */ = {
			isa = PBXGroup;
			children = (
				BA0A1B992C097ADB00A8EBCB /* Config */,
				BA7866482BF3BA68007BF0C4 /* Domain */,
				BA7866492BF3BA6E007BF0C4 /* Data */,
				BA78664A2BF3BA72007BF0C4 /* Presentation */,
				BA78664C2BF3BA8A007BF0C4 /* Support */,
				BA3AD0282BE3921300083347 /* Resources */,
				BA365BB72BE23D5A00C332DF /* WardAppApp.swift */,
				BA302E5D2BE6789A00B57174 /* WardApp.entitlements */,
				BA3AD0292BE393F700083347 /* Info.plist */,
				BA365BBD2BE23D6800C332DF /* Preview Content */,
			);
			path = WardApp;
			sourceTree = "<group>";
		};
		BA365BBD2BE23D6800C332DF /* Preview Content */ = {
			isa = PBXGroup;
			children = (
				BA365BBE2BE23D6800C332DF /* Preview Assets.xcassets */,
			);
			path = "Preview Content";
			sourceTree = "<group>";
		};
		BA3AD0282BE3921300083347 /* Resources */ = {
			isa = PBXGroup;
			children = (
				BA291BFF2BE26B6200E8C041 /* Fonts */,
				BA3AD0252BE391CD00083347 /* Fonts+Generated.swift */,
				BA302E5B2BE6366A00B57174 /* Strings+Generated.swift */,
				BACB69CA2BF3372000C3E29A /* XCAssets+Generated.swift */,
				BAD582FC2BE620C60072B308 /* Image.xcassets */,
				BAD582FE2BE620D70072B308 /* Color.xcassets */,
				BAD583042BE623890072B308 /* Localizable.strings */,
				BA22326E2BEB90B4001F2395 /* Symbols.swift */,
			);
			path = Resources;
			sourceTree = "<group>";
		};
		BA7866482BF3BA68007BF0C4 /* Domain */ = {
			isa = PBXGroup;
			children = (
				BA7866552BF3BC89007BF0C4 /* Entities */,
				BA7866542BF3BC81007BF0C4 /* UseCases */,
			);
			path = Domain;
			sourceTree = "<group>";
		};
		BA7866492BF3BA6E007BF0C4 /* Data */ = {
			isa = PBXGroup;
			children = (
				BA78664F2BF3BB37007BF0C4 /* API */,
			);
			path = Data;
			sourceTree = "<group>";
		};
		BA78664A2BF3BA72007BF0C4 /* Presentation */ = {
			isa = PBXGroup;
			children = (
				BA0416A22C09641B003CFFAC /* Notification */,
				BA0416922C06C875003CFFAC /* Interested */,
				EA2421BA2BF4D9480070D1C9 /* Navigation */,
				EA3967832BF915CA0087062B /* Home */,
				BAD582F52BE6193C0072B308 /* Login */,
				BAD016752BEB781E0039ACDE /* SignUp */,
			);
			path = Presentation;
			sourceTree = "<group>";
		};
		BA78664C2BF3BA8A007BF0C4 /* Support */ = {
			isa = PBXGroup;
			children = (
				EA8C9FA92C099BBD00F02E3A /* CategoryTab */,
				BA04167F2C06B1D5003CFFAC /* SegmentedControl */,
				EA3967732BF8DAC70087062B /* Architecture */,
				EA3967862BF91BCB0087062B /* Extensions */,
				BAD0167A2BEB7A1E0039ACDE /* ToggleCheckboxStyle.swift */,
			);
			path = Support;
			sourceTree = "<group>";
		};
		BA78664F2BF3BB37007BF0C4 /* API */ = {
			isa = PBXGroup;
			children = (
				BA7866592BF3BF73007BF0C4 /* APIService.swift */,
				BA04167B2C05D9D5003CFFAC /* Endpoint.swift */,
				BA04167D2C05DA1F003CFFAC /* NetworkingManager.swift */,
			);
			path = API;
			sourceTree = "<group>";
		};
		BA7866542BF3BC81007BF0C4 /* UseCases */ = {
			isa = PBXGroup;
			children = (
				BA7866582BF3BCB1007BF0C4 /* Release */,
				BA7866572BF3BCA0007BF0C4 /* Item */,
				BA7866562BF3BC9A007BF0C4 /* Auth */,
			);
			path = UseCases;
			sourceTree = "<group>";
		};
		BA7866552BF3BC89007BF0C4 /* Entities */ = {
			isa = PBXGroup;
			children = (
				BA78665B2BF3BF81007BF0C4 /* UserFromLoginProvider.swift */,
				BA0416602C0420EB003CFFAC /* LoginProvider.swift */,
				BA0416902C06C840003CFFAC /* InterestedItem.swift */,
				BAA7C0BF2C0998510042FE04 /* NotificationItem.swift */,
			);
			path = Entities;
			sourceTree = "<group>";
		};
		BA7866562BF3BC9A007BF0C4 /* Auth */ = {
			isa = PBXGroup;
			children = (
				BA7866612BF3BFCB007BF0C4 /* AuthUseCase.swift */,
			);
			path = Auth;
			sourceTree = "<group>";
		};
		BA7866572BF3BCA0007BF0C4 /* Item */ = {
			isa = PBXGroup;
			children = (
				BA78665F2BF3BFBD007BF0C4 /* ItemUseCase.swift */,
			);
			path = Item;
			sourceTree = "<group>";
		};
		BA7866582BF3BCB1007BF0C4 /* Release */ = {
			isa = PBXGroup;
			children = (
				BA78665D2BF3BF93007BF0C4 /* ReleaseUseCase.swift */,
			);
			path = Release;
			sourceTree = "<group>";
		};
		BAD016752BEB781E0039ACDE /* SignUp */ = {
			isa = PBXGroup;
			children = (
				BAD016782BEB78670039ACDE /* SignUpView.swift */,
			);
			path = SignUp;
			sourceTree = "<group>";
		};
		BAD582F52BE6193C0072B308 /* Login */ = {
			isa = PBXGroup;
			children = (
				BA04166D2C042F55003CFFAC /* LoginAssembler.swift */,
				BAD582F62BE6196D0072B308 /* LoginView.swift */,
				BA04166B2C04285D003CFFAC /* LoginViewModel.swift */,
				BA04169D2C0855F6003CFFAC /* FilterOption.swift */,
			);
			path = Login;
			sourceTree = "<group>";
		};
		EA2421BA2BF4D9480070D1C9 /* Navigation */ = {
			isa = PBXGroup;
			children = (
				EA3967712BF8D8140087062B /* HeaderNavBarView.swift */,
			);
			path = Navigation;
			sourceTree = "<group>";
		};
		EA3967732BF8DAC70087062B /* Architecture */ = {
			isa = PBXGroup;
			children = (
				EA8C9FAA2C099F8C00F02E3A /* Driver.swift */,
				EA8C9FAC2C09A57000F02E3A /* Observable.swift */,
				EA3967742BF8DADD0087062B /* ViewModel.swift */,
				EA3967762BF8DBE50087062B /* CancelBag.swift */,
				BA0416722C043782003CFFAC /* Publisher.swift */,
			);
			path = Architecture;
			sourceTree = "<group>";
		};
		EA3967832BF915CA0087062B /* Home */ = {
			isa = PBXGroup;
			children = (
				EA81E0BF2C0802990076DA29 /* SubView */,
				EA3967842BF915E20087062B /* HomeView.swift */,
				EA8C9FA52C099AF900F02E3A /* HomeViewModel.swift */,
			);
			path = Home;
			sourceTree = "<group>";
		};
		EA3967862BF91BCB0087062B /* Extensions */ = {
			isa = PBXGroup;
			children = (
				BA0416722C043782003CFFAC /* Publisher.swift */,
				EA3967872BF91BE10087062B /* Font.swift */,
				BA0416952C0810EF003CFFAC /* Int.swift */,
				A0EAC1AE2C077D3200EAEB84 /* OSLog+Extension.swift */,
				BAA7C0C12C09C00C0042FE04 /* Date.swift */,
			);
			path = Extensions;
			sourceTree = "<group>";
		};
		EA81E0BF2C0802990076DA29 /* SubView */ = {
			isa = PBXGroup;
			children = (
				EA81E0C72C0848F60076DA29 /* HomeHeaderView.swift */,
				EA81E0C02C0802A60076DA29 /* BannerPageView.swift */,
			);
			path = SubView;
			sourceTree = "<group>";
		};
		EA8C9FA12C098EC200F02E3A /* Recovered References */ = {
			isa = PBXGroup;
			children = (
				A0D2D7982C05F4EE00A4CBAF /* Config.xcconfig */,
			);
			name = "Recovered References";
			sourceTree = "<group>";
		};
		EA8C9FA92C099BBD00F02E3A /* CategoryTab */ = {
			isa = PBXGroup;
			children = (
				EA8C9FA72C099B2700F02E3A /* CategoryTabViewModel.swift */,
				EA81E0C32C0804310076DA29 /* CategoryTabView.swift */,
			);
			path = CategoryTab;
			sourceTree = "<group>";
		};
/* End PBXGroup section */

/* Begin PBXNativeTarget section */
		BA365BB32BE23D5A00C332DF /* WardApp */ = {
			isa = PBXNativeTarget;
			buildConfigurationList = BA365BC22BE23D6800C332DF /* Build configuration list for PBXNativeTarget "WardApp" */;
			buildPhases = (
				4EE1D823852E6AECE1F319CB /* [CP] Check Pods Manifest.lock */,
				BACB69C22BF3346900C3E29A /* SwiftGen */,
				BA365BB02BE23D5A00C332DF /* Sources */,
				BA365BB12BE23D5A00C332DF /* Frameworks */,
				BA365BB22BE23D5A00C332DF /* Resources */,
				BA27C3282BE3652A009D2E93 /* SwiftLint */,
				BA27C3492BE3840B009D2E93 /* Embed Frameworks */,
				AE69F8A98FDDC61F9F876A87 /* [CP] Embed Pods Frameworks */,
			);
			buildRules = (
			);
			dependencies = (
				BAF258642BE24BF2008B38A4 /* PBXTargetDependency */,
			);
			name = WardApp;
			productName = WardApp;
			productReference = BA365BB42BE23D5A00C332DF /* WardApp.app */;
			productType = "com.apple.product-type.application";
		};
/* End PBXNativeTarget section */

/* Begin PBXProject section */
		BA365BAC2BE23D5A00C332DF /* Project object */ = {
			isa = PBXProject;
			attributes = {
				BuildIndependentTargetsInParallel = 1;
				LastSwiftUpdateCheck = 1520;
				LastUpgradeCheck = 1520;
				TargetAttributes = {
					BA365BB32BE23D5A00C332DF = {
						CreatedOnToolsVersion = 15.2;
					};
				};
			};
			buildConfigurationList = BA365BAF2BE23D5A00C332DF /* Build configuration list for PBXProject "WardApp" */;
			compatibilityVersion = "Xcode 13.0";
			developmentRegion = en;
			hasScannedForEncodings = 0;
			knownRegions = (
				en,
				Base,
				ko,
			);
			mainGroup = BA365BAB2BE23D5A00C332DF;
			productRefGroup = BA365BB52BE23D5A00C332DF /* Products */;
			projectDirPath = "";
			projectRoot = "";
			targets = (
				BA365BB32BE23D5A00C332DF /* WardApp */,
			);
		};
/* End PBXProject section */

/* Begin PBXResourcesBuildPhase section */
		BA365BB22BE23D5A00C332DF /* Resources */ = {
			isa = PBXResourcesBuildPhase;
			buildActionMask = 2147483647;
			files = (
				BA3AD03F2BE3988F00083347 /* Pretendard-Light.otf in Resources */,
				BA3AD03B2BE3988F00083347 /* Pretendard-ExtraLight.otf in Resources */,
				BA3AD03E2BE3988F00083347 /* Pretendard-Bold.otf in Resources */,
				BA3AD0422BE3988F00083347 /* Pretendard-Thin.otf in Resources */,
				BA9F3CF52BE27203004F75E9 /* .swiftlint.yml in Resources */,
				EA6B5BB52C05CAF9008BD9B2 /* DS-DIGIT.TTF in Resources */,
				BA3AD02D2BE3958E00083347 /* GmarketSansLight.otf in Resources */,
				BA3AD02E2BE3958E00083347 /* GmarketSansMedium.otf in Resources */,
				BA365BBF2BE23D6800C332DF /* Preview Assets.xcassets in Resources */,
				BA3AD03D2BE3988F00083347 /* Pretendard-ExtraBold.otf in Resources */,
				BAD582FD2BE620C60072B308 /* Image.xcassets in Resources */,
				BA3AD03A2BE3988F00083347 /* Pretendard-Regular.otf in Resources */,
				BA3AD03C2BE3988F00083347 /* Pretendard-SemiBold.otf in Resources */,
				BA3AD0412BE3988F00083347 /* Pretendard-Medium.otf in Resources */,
				BA3AD02F2BE3958E00083347 /* GmarketSansBold.otf in Resources */,
				BA3AD0402BE3988F00083347 /* Pretendard-Black.otf in Resources */,
				BAA7C0BC2C0993FE0042FE04 /* Config.xcconfig in Resources */,
				BAD583022BE623890072B308 /* Localizable.strings in Resources */,
				BAD582FF2BE620D70072B308 /* Color.xcassets in Resources */,
				BACB69CD2BF33E1700C3E29A /* swiftgen.yml in Resources */,
			);
			runOnlyForDeploymentPostprocessing = 0;
		};
/* End PBXResourcesBuildPhase section */

/* Begin PBXShellScriptBuildPhase section */
		4EE1D823852E6AECE1F319CB /* [CP] Check Pods Manifest.lock */ = {
			isa = PBXShellScriptBuildPhase;
			buildActionMask = 2147483647;
			files = (
			);
			inputFileListPaths = (
			);
			inputPaths = (
				"${PODS_PODFILE_DIR_PATH}/Podfile.lock",
				"${PODS_ROOT}/Manifest.lock",
			);
			name = "[CP] Check Pods Manifest.lock";
			outputFileListPaths = (
			);
			outputPaths = (
				"$(DERIVED_FILE_DIR)/Pods-WardApp-checkManifestLockResult.txt",
			);
			runOnlyForDeploymentPostprocessing = 0;
			shellPath = /bin/sh;
			shellScript = "diff \"${PODS_PODFILE_DIR_PATH}/Podfile.lock\" \"${PODS_ROOT}/Manifest.lock\" > /dev/null\nif [ $? != 0 ] ; then\n    # print error to STDERR\n    echo \"error: The sandbox is not in sync with the Podfile.lock. Run 'pod install' or update your CocoaPods installation.\" >&2\n    exit 1\nfi\n# This output is used by Xcode 'outputs' to avoid re-running this script phase.\necho \"SUCCESS\" > \"${SCRIPT_OUTPUT_FILE_0}\"\n";
			showEnvVarsInLog = 0;
		};
		AE69F8A98FDDC61F9F876A87 /* [CP] Embed Pods Frameworks */ = {
			isa = PBXShellScriptBuildPhase;
			buildActionMask = 2147483647;
			files = (
			);
			inputFileListPaths = (
				"${PODS_ROOT}/Target Support Files/Pods-WardApp/Pods-WardApp-frameworks-${CONFIGURATION}-input-files.xcfilelist",
			);
			name = "[CP] Embed Pods Frameworks";
			outputFileListPaths = (
				"${PODS_ROOT}/Target Support Files/Pods-WardApp/Pods-WardApp-frameworks-${CONFIGURATION}-output-files.xcfilelist",
			);
			runOnlyForDeploymentPostprocessing = 0;
			shellPath = /bin/sh;
			shellScript = "\"${PODS_ROOT}/Target Support Files/Pods-WardApp/Pods-WardApp-frameworks.sh\"\n";
			showEnvVarsInLog = 0;
		};
		BA27C3282BE3652A009D2E93 /* SwiftLint */ = {
			isa = PBXShellScriptBuildPhase;
			alwaysOutOfDate = 1;
			buildActionMask = 2147483647;
			files = (
			);
			inputFileListPaths = (
			);
			inputPaths = (
			);
			name = SwiftLint;
			outputFileListPaths = (
			);
			outputPaths = (
			);
			runOnlyForDeploymentPostprocessing = 0;
			shellPath = /bin/sh;
			shellScript = "${PODS_ROOT}/SwiftLint/swiftlint\n";
		};
		BACB69C22BF3346900C3E29A /* SwiftGen */ = {
			isa = PBXShellScriptBuildPhase;
			buildActionMask = 2147483647;
			files = (
			);
			inputFileListPaths = (
			);
			inputPaths = (
			);
			name = SwiftGen;
			outputFileListPaths = (
			);
			outputPaths = (
			);
			runOnlyForDeploymentPostprocessing = 0;
			shellPath = /bin/sh;
			shellScript = "if [[ -f \"${PODS_ROOT}/SwiftGen/bin/swiftgen\" ]]; then\n  \"${PODS_ROOT}/SwiftGen/bin/swiftgen\"\nelse\n  echo \"warning: SwiftGen is not installed. Run 'pod install --repo-update' to install it.\"\nfi\n";
		};
/* End PBXShellScriptBuildPhase section */

/* Begin PBXSourcesBuildPhase section */
		BA365BB02BE23D5A00C332DF /* Sources */ = {
			isa = PBXSourcesBuildPhase;
			buildActionMask = 2147483647;
			files = (
				BACB69CB2BF3372000C3E29A /* XCAssets+Generated.swift in Sources */,
				BA0416A82C096444003CFFAC /* NotificationViewModel.swift in Sources */,
				BA0416912C06C840003CFFAC /* InterestedItem.swift in Sources */,
				BA04169C2C08432C003CFFAC /* InterestedAssembler.swift in Sources */,
				BA78665E2BF3BF93007BF0C4 /* ReleaseUseCase.swift in Sources */,
				BA0416982C0814CB003CFFAC /* InterestedView.swift in Sources */,
				BAA7C0C02C0998510042FE04 /* NotificationItem.swift in Sources */,
				BA04166C2C04285D003CFFAC /* LoginViewModel.swift in Sources */,
				BA3AD0272BE391CD00083347 /* Fonts+Generated.swift in Sources */,
				BA0416852C06B937003CFFAC /* WardSegmentedControlTab.swift in Sources */,
				BA0416832C06B1FB003CFFAC /* WardSegementedControl.swift in Sources */,
				BA8586522BEA0CFC00B0A4DB /* StyleModifier.swift in Sources */,
				EA8C9FAD2C09A57000F02E3A /* Observable.swift in Sources */,
				BAD0167B2BEB7A1E0039ACDE /* ToggleCheckboxStyle.swift in Sources */,
				BA0416732C043782003CFFAC /* Publisher.swift in Sources */,
				BA7866602BF3BFBD007BF0C4 /* ItemUseCase.swift in Sources */,
				EA3967752BF8DADD0087062B /* ViewModel.swift in Sources */,
				BAD016792BEB78670039ACDE /* SignUpView.swift in Sources */,
				EA81E0C42C0804310076DA29 /* CategoryTabView.swift in Sources */,
				BA04167C2C05D9D5003CFFAC /* Endpoint.swift in Sources */,
				BAA7C0C22C09C00C0042FE04 /* Date.swift in Sources */,
				EA81E0C12C0802A60076DA29 /* BannerPageView.swift in Sources */,
				EA3967772BF8DBE50087062B /* CancelBag.swift in Sources */,
				EA8C9FAB2C099F8C00F02E3A /* Driver.swift in Sources */,
				BAD582F72BE6196D0072B308 /* LoginView.swift in Sources */,
				BAA7C0BE2C0998310042FE04 /* NotificationItemRowView.swift in Sources */,
				BA78665A2BF3BF73007BF0C4 /* APIService.swift in Sources */,
				BA7866622BF3BFCB007BF0C4 /* AuthUseCase.swift in Sources */,
				EA3967882BF91BE10087062B /* Font.swift in Sources */,
				BA0416AA2C096490003CFFAC /* NotificationAssembler.swift in Sources */,
				EA81E0C82C0848F60076DA29 /* HomeHeaderView.swift in Sources */,
				EA3967722BF8D8140087062B /* HeaderNavBarView.swift in Sources */,
				BA04166E2C042F55003CFFAC /* LoginAssembler.swift in Sources */,
				BA04169E2C0855F6003CFFAC /* FilterOption.swift in Sources */,
				A0EAC1AF2C077D3200EAEB84 /* OSLog+Extension.swift in Sources */,
				BA04167E2C05DA1F003CFFAC /* NetworkingManager.swift in Sources */,
				BA0416A62C09643A003CFFAC /* NotificationView.swift in Sources */,
				BA04169A2C084322003CFFAC /* InterestedViewModel.swift in Sources */,
				BA22326F2BEB90B4001F2395 /* Symbols.swift in Sources */,
				BA0416612C0420EB003CFFAC /* LoginProvider.swift in Sources */,
				BA302E5C2BE6366A00B57174 /* Strings+Generated.swift in Sources */,
				BA0416942C06C884003CFFAC /* InterestedItemRowView.swift in Sources */,
				EA8C9FA62C099AF900F02E3A /* HomeViewModel.swift in Sources */,
				BA365BB82BE23D5A00C332DF /* WardAppApp.swift in Sources */,
				BA0416962C0810EF003CFFAC /* Int.swift in Sources */,
				BA78665C2BF3BF81007BF0C4 /* UserFromLoginProvider.swift in Sources */,
				EA3967852BF915E20087062B /* HomeView.swift in Sources */,
				EA8C9FA82C099B2700F02E3A /* CategoryTabViewModel.swift in Sources */,
			);
			runOnlyForDeploymentPostprocessing = 0;
		};
/* End PBXSourcesBuildPhase section */

/* Begin PBXTargetDependency section */
		BAF258642BE24BF2008B38A4 /* PBXTargetDependency */ = {
			isa = PBXTargetDependency;
			productRef = BAF258632BE24BF2008B38A4 /* SwiftLintPlugin */;
		};
/* End PBXTargetDependency section */

/* Begin PBXVariantGroup section */
		BAD583042BE623890072B308 /* Localizable.strings */ = {
			isa = PBXVariantGroup;
			children = (
				BAD583052BE623B70072B308 /* ko */,
			);
			name = Localizable.strings;
			sourceTree = "<group>";
		};
/* End PBXVariantGroup section */

/* Begin XCBuildConfiguration section */
		BA365BC02BE23D6800C332DF /* Debug */ = {
			isa = XCBuildConfiguration;
			buildSettings = {
				ALWAYS_SEARCH_USER_PATHS = NO;
				ASSETCATALOG_COMPILER_GENERATE_SWIFT_ASSET_SYMBOL_EXTENSIONS = YES;
				CLANG_ANALYZER_LOCALIZABILITY_NONLOCALIZED = YES;
				CLANG_ANALYZER_NONNULL = YES;
				CLANG_ANALYZER_NUMBER_OBJECT_CONVERSION = YES_AGGRESSIVE;
				CLANG_CXX_LANGUAGE_STANDARD = "gnu++20";
				CLANG_ENABLE_MODULES = YES;
				CLANG_ENABLE_OBJC_ARC = YES;
				CLANG_ENABLE_OBJC_WEAK = YES;
				CLANG_WARN_BLOCK_CAPTURE_AUTORELEASING = YES;
				CLANG_WARN_BOOL_CONVERSION = YES;
				CLANG_WARN_COMMA = YES;
				CLANG_WARN_CONSTANT_CONVERSION = YES;
				CLANG_WARN_DEPRECATED_OBJC_IMPLEMENTATIONS = YES;
				CLANG_WARN_DIRECT_OBJC_ISA_USAGE = YES_ERROR;
				CLANG_WARN_DOCUMENTATION_COMMENTS = YES;
				CLANG_WARN_EMPTY_BODY = YES;
				CLANG_WARN_ENUM_CONVERSION = YES;
				CLANG_WARN_INFINITE_RECURSION = YES;
				CLANG_WARN_INT_CONVERSION = YES;
				CLANG_WARN_NON_LITERAL_NULL_CONVERSION = YES;
				CLANG_WARN_OBJC_IMPLICIT_RETAIN_SELF = YES;
				CLANG_WARN_OBJC_LITERAL_CONVERSION = YES;
				CLANG_WARN_OBJC_ROOT_CLASS = YES_ERROR;
				CLANG_WARN_QUOTED_INCLUDE_IN_FRAMEWORK_HEADER = YES;
				CLANG_WARN_RANGE_LOOP_ANALYSIS = YES;
				CLANG_WARN_STRICT_PROTOTYPES = YES;
				CLANG_WARN_SUSPICIOUS_MOVE = YES;
				CLANG_WARN_UNGUARDED_AVAILABILITY = YES_AGGRESSIVE;
				CLANG_WARN_UNREACHABLE_CODE = YES;
				CLANG_WARN__DUPLICATE_METHOD_MATCH = YES;
				COPY_PHASE_STRIP = NO;
				DEBUG_INFORMATION_FORMAT = dwarf;
				ENABLE_STRICT_OBJC_MSGSEND = YES;
				ENABLE_TESTABILITY = YES;
				ENABLE_USER_SCRIPT_SANDBOXING = NO;
				GCC_C_LANGUAGE_STANDARD = gnu17;
				GCC_DYNAMIC_NO_PIC = NO;
				GCC_NO_COMMON_BLOCKS = YES;
				GCC_OPTIMIZATION_LEVEL = 0;
				GCC_PREPROCESSOR_DEFINITIONS = (
					"DEBUG=1",
					"$(inherited)",
				);
				GCC_WARN_64_TO_32_BIT_CONVERSION = YES;
				GCC_WARN_ABOUT_RETURN_TYPE = YES_ERROR;
				GCC_WARN_UNDECLARED_SELECTOR = YES;
				GCC_WARN_UNINITIALIZED_AUTOS = YES_AGGRESSIVE;
				GCC_WARN_UNUSED_FUNCTION = YES;
				GCC_WARN_UNUSED_VARIABLE = YES;
				IPHONEOS_DEPLOYMENT_TARGET = 17.5;
				LOCALIZATION_PREFERS_STRING_CATALOGS = YES;
				MTL_ENABLE_DEBUG_INFO = INCLUDE_SOURCE;
				MTL_FAST_MATH = YES;
				ONLY_ACTIVE_ARCH = YES;
				SDKROOT = iphoneos;
				SWIFT_ACTIVE_COMPILATION_CONDITIONS = "DEBUG $(inherited)";
				SWIFT_OPTIMIZATION_LEVEL = "-Onone";
			};
			name = Debug;
		};
		BA365BC12BE23D6800C332DF /* Release */ = {
			isa = XCBuildConfiguration;
			buildSettings = {
				ALWAYS_SEARCH_USER_PATHS = NO;
				ASSETCATALOG_COMPILER_GENERATE_SWIFT_ASSET_SYMBOL_EXTENSIONS = YES;
				CLANG_ANALYZER_LOCALIZABILITY_NONLOCALIZED = YES;
				CLANG_ANALYZER_NONNULL = YES;
				CLANG_ANALYZER_NUMBER_OBJECT_CONVERSION = YES_AGGRESSIVE;
				CLANG_CXX_LANGUAGE_STANDARD = "gnu++20";
				CLANG_ENABLE_MODULES = YES;
				CLANG_ENABLE_OBJC_ARC = YES;
				CLANG_ENABLE_OBJC_WEAK = YES;
				CLANG_WARN_BLOCK_CAPTURE_AUTORELEASING = YES;
				CLANG_WARN_BOOL_CONVERSION = YES;
				CLANG_WARN_COMMA = YES;
				CLANG_WARN_CONSTANT_CONVERSION = YES;
				CLANG_WARN_DEPRECATED_OBJC_IMPLEMENTATIONS = YES;
				CLANG_WARN_DIRECT_OBJC_ISA_USAGE = YES_ERROR;
				CLANG_WARN_DOCUMENTATION_COMMENTS = YES;
				CLANG_WARN_EMPTY_BODY = YES;
				CLANG_WARN_ENUM_CONVERSION = YES;
				CLANG_WARN_INFINITE_RECURSION = YES;
				CLANG_WARN_INT_CONVERSION = YES;
				CLANG_WARN_NON_LITERAL_NULL_CONVERSION = YES;
				CLANG_WARN_OBJC_IMPLICIT_RETAIN_SELF = YES;
				CLANG_WARN_OBJC_LITERAL_CONVERSION = YES;
				CLANG_WARN_OBJC_ROOT_CLASS = YES_ERROR;
				CLANG_WARN_QUOTED_INCLUDE_IN_FRAMEWORK_HEADER = YES;
				CLANG_WARN_RANGE_LOOP_ANALYSIS = YES;
				CLANG_WARN_STRICT_PROTOTYPES = YES;
				CLANG_WARN_SUSPICIOUS_MOVE = YES;
				CLANG_WARN_UNGUARDED_AVAILABILITY = YES_AGGRESSIVE;
				CLANG_WARN_UNREACHABLE_CODE = YES;
				CLANG_WARN__DUPLICATE_METHOD_MATCH = YES;
				COPY_PHASE_STRIP = NO;
				DEBUG_INFORMATION_FORMAT = "dwarf-with-dsym";
				ENABLE_NS_ASSERTIONS = NO;
				ENABLE_STRICT_OBJC_MSGSEND = YES;
				ENABLE_USER_SCRIPT_SANDBOXING = NO;
				GCC_C_LANGUAGE_STANDARD = gnu17;
				GCC_NO_COMMON_BLOCKS = YES;
				GCC_WARN_64_TO_32_BIT_CONVERSION = YES;
				GCC_WARN_ABOUT_RETURN_TYPE = YES_ERROR;
				GCC_WARN_UNDECLARED_SELECTOR = YES;
				GCC_WARN_UNINITIALIZED_AUTOS = YES_AGGRESSIVE;
				GCC_WARN_UNUSED_FUNCTION = YES;
				GCC_WARN_UNUSED_VARIABLE = YES;
				IPHONEOS_DEPLOYMENT_TARGET = 17.5;
				LOCALIZATION_PREFERS_STRING_CATALOGS = YES;
				MTL_ENABLE_DEBUG_INFO = NO;
				MTL_FAST_MATH = YES;
				SDKROOT = iphoneos;
				SWIFT_COMPILATION_MODE = wholemodule;
				VALIDATE_PRODUCT = YES;
			};
			name = Release;
		};
		BA365BC32BE23D6800C332DF /* Debug */ = {
			isa = XCBuildConfiguration;
			baseConfigurationReference = 037BC26265E16ED12724B363 /* Pods-WardApp.debug.xcconfig */;
			buildSettings = {
				ALWAYS_EMBED_SWIFT_STANDARD_LIBRARIES = YES;
				ASSETCATALOG_COMPILER_APPICON_NAME = AppIcon;
				ASSETCATALOG_COMPILER_GLOBAL_ACCENT_COLOR_NAME = AccentColor;
				CODE_SIGN_ENTITLEMENTS = WardApp/WardApp.entitlements;
				CODE_SIGN_IDENTITY = "Apple Development";
				"CODE_SIGN_IDENTITY[sdk=iphoneos*]" = "iPhone Developer";
				CODE_SIGN_STYLE = Manual;
				CURRENT_PROJECT_VERSION = 1;
				DEVELOPMENT_ASSET_PATHS = "\"WardApp/Preview Content\"";
				DEVELOPMENT_TEAM = "";
				"DEVELOPMENT_TEAM[sdk=iphoneos*]" = ARSZYU7AJ8;
				ENABLE_PREVIEWS = YES;
				ENABLE_USER_SCRIPT_SANDBOXING = NO;
				GENERATE_INFOPLIST_FILE = YES;
				INFOPLIST_FILE = WardApp/Info.plist;
				INFOPLIST_KEY_UIApplicationSceneManifest_Generation = YES;
				INFOPLIST_KEY_UIApplicationSupportsIndirectInputEvents = YES;
				INFOPLIST_KEY_UILaunchScreen_Generation = YES;
				INFOPLIST_KEY_UISupportedInterfaceOrientations = UIInterfaceOrientationPortrait;
				INFOPLIST_KEY_UISupportedInterfaceOrientations_iPad = "UIInterfaceOrientationLandscapeLeft UIInterfaceOrientationLandscapeRight UIInterfaceOrientationPortrait UIInterfaceOrientationPortraitUpsideDown";
				IPHONEOS_DEPLOYMENT_TARGET = 17.0;
				LD_RUNPATH_SEARCH_PATHS = (
					"$(inherited)",
					"@executable_path/Frameworks",
				);
				MARKETING_VERSION = 1.0;
				PRODUCT_BUNDLE_IDENTIFIER = shop.peppermint100.wardservice;
				PRODUCT_NAME = "$(TARGET_NAME)";
				PROVISIONING_PROFILE_SPECIFIER = "";
				"PROVISIONING_PROFILE_SPECIFIER[sdk=iphoneos*]" = WardDevelopment;
				SUPPORTED_PLATFORMS = "iphoneos iphonesimulator";
				SUPPORTS_MACCATALYST = NO;
				SUPPORTS_MAC_DESIGNED_FOR_IPHONE_IPAD = NO;
				SUPPORTS_XR_DESIGNED_FOR_IPHONE_IPAD = NO;
				SWIFT_EMIT_LOC_STRINGS = YES;
				SWIFT_VERSION = 5.0;
				TARGETED_DEVICE_FAMILY = 1;
			};
			name = Debug;
		};
		BA365BC42BE23D6800C332DF /* Release */ = {
			isa = XCBuildConfiguration;
			baseConfigurationReference = CEE8A9E10765B9C3648B9E18 /* Pods-WardApp.release.xcconfig */;
			buildSettings = {
				ALWAYS_EMBED_SWIFT_STANDARD_LIBRARIES = YES;
				ASSETCATALOG_COMPILER_APPICON_NAME = AppIcon;
				ASSETCATALOG_COMPILER_GLOBAL_ACCENT_COLOR_NAME = AccentColor;
				CODE_SIGN_ENTITLEMENTS = WardApp/WardApp.entitlements;
				CODE_SIGN_IDENTITY = "Apple Development";
				"CODE_SIGN_IDENTITY[sdk=iphoneos*]" = "iPhone Developer";
				CODE_SIGN_STYLE = Manual;
				CURRENT_PROJECT_VERSION = 1;
				DEVELOPMENT_ASSET_PATHS = "\"WardApp/Preview Content\"";
				DEVELOPMENT_TEAM = "";
				"DEVELOPMENT_TEAM[sdk=iphoneos*]" = ARSZYU7AJ8;
				ENABLE_PREVIEWS = YES;
				ENABLE_USER_SCRIPT_SANDBOXING = NO;
				GENERATE_INFOPLIST_FILE = YES;
				INFOPLIST_FILE = WardApp/Info.plist;
				INFOPLIST_KEY_UIApplicationSceneManifest_Generation = YES;
				INFOPLIST_KEY_UIApplicationSupportsIndirectInputEvents = YES;
				INFOPLIST_KEY_UILaunchScreen_Generation = YES;
				INFOPLIST_KEY_UISupportedInterfaceOrientations = UIInterfaceOrientationPortrait;
				INFOPLIST_KEY_UISupportedInterfaceOrientations_iPad = "UIInterfaceOrientationLandscapeLeft UIInterfaceOrientationLandscapeRight UIInterfaceOrientationPortrait UIInterfaceOrientationPortraitUpsideDown";
				IPHONEOS_DEPLOYMENT_TARGET = 17.0;
				LD_RUNPATH_SEARCH_PATHS = (
					"$(inherited)",
					"@executable_path/Frameworks",
				);
				MARKETING_VERSION = 1.0;
				PRODUCT_BUNDLE_IDENTIFIER = shop.peppermint100.wardservice;
				PRODUCT_NAME = "$(TARGET_NAME)";
				PROVISIONING_PROFILE_SPECIFIER = "";
				"PROVISIONING_PROFILE_SPECIFIER[sdk=iphoneos*]" = WardDevelopment;
				SUPPORTED_PLATFORMS = "iphoneos iphonesimulator";
				SUPPORTS_MACCATALYST = NO;
				SUPPORTS_MAC_DESIGNED_FOR_IPHONE_IPAD = NO;
				SUPPORTS_XR_DESIGNED_FOR_IPHONE_IPAD = NO;
				SWIFT_EMIT_LOC_STRINGS = YES;
				SWIFT_VERSION = 5.0;
				TARGETED_DEVICE_FAMILY = 1;
			};
			name = Release;
		};
/* End XCBuildConfiguration section */

/* Begin XCConfigurationList section */
		BA365BAF2BE23D5A00C332DF /* Build configuration list for PBXProject "WardApp" */ = {
			isa = XCConfigurationList;
			buildConfigurations = (
				BA365BC02BE23D6800C332DF /* Debug */,
				BA365BC12BE23D6800C332DF /* Release */,
			);
			defaultConfigurationIsVisible = 0;
			defaultConfigurationName = Release;
		};
		BA365BC22BE23D6800C332DF /* Build configuration list for PBXNativeTarget "WardApp" */ = {
			isa = XCConfigurationList;
			buildConfigurations = (
				BA365BC32BE23D6800C332DF /* Debug */,
				BA365BC42BE23D6800C332DF /* Release */,
			);
			defaultConfigurationIsVisible = 0;
			defaultConfigurationName = Release;
		};
/* End XCConfigurationList section */

/* Begin XCRemoteSwiftPackageReference section */
		BAF2585E2BE24BBD008B38A4 /* XCRemoteSwiftPackageReference "SwiftLint" */ = {
			isa = XCRemoteSwiftPackageReference;
			repositoryURL = "https://github.com/realm/SwiftLint.git";
			requirement = {
				kind = upToNextMajorVersion;
				minimumVersion = 0.54.0;
			};
		};
/* End XCRemoteSwiftPackageReference section */

/* Begin XCSwiftPackageProductDependency section */
		BAF258632BE24BF2008B38A4 /* SwiftLintPlugin */ = {
			isa = XCSwiftPackageProductDependency;
			package = BAF2585E2BE24BBD008B38A4 /* XCRemoteSwiftPackageReference "SwiftLint" */;
			productName = "plugin:SwiftLintPlugin";
		};
/* End XCSwiftPackageProductDependency section */
	};
	rootObject = BA365BAC2BE23D5A00C332DF /* Project object */;
}
